{
  "version": 2,
  "dependencies": {
    "net10.0": {
      "Microsoft.AspNetCore.WebUtilities": {
        "type": "Direct",
        "requested": "[10.0.0-preview.5.25277.114, )",
        "resolved": "10.0.0-preview.5.25277.114",
        "contentHash": "pduKh2tfowPvkEXiiK4gKezZCfvOpdy41H6g7G9ip2SJoW/+hBk6K8fyaSY8BVk2TbtCy+we2carjXqsVfMdFg==",
        "dependencies": {
          "Microsoft.Net.Http.Headers": "10.0.0-preview.5.25277.114"
        }
      },
      "Microsoft.Extensions.Http": {
        "type": "Direct",
        "requested": "[10.0.0-preview.5.25277.114, )",
        "resolved": "10.0.0-preview.5.25277.114",
        "contentHash": "qRQ7fXxUWnOFUogbt60qYXLScGz8Lsk0naVrTWCfoZLIfe5iyedStr/pLHG3f4bbKCrGhdk5Oo8KclBXDNElOw==",
        "dependencies": {
          "Microsoft.Extensions.Configuration.Abstractions": "10.0.0-preview.5.25277.114",
          "Microsoft.Extensions.DependencyInjection.Abstractions": "10.0.0-preview.5.25277.114",
          "Microsoft.Extensions.Diagnostics": "10.0.0-preview.5.25277.114",
          "Microsoft.Extensions.Logging": "10.0.0-preview.5.25277.114",
          "Microsoft.Extensions.Logging.Abstractions": "10.0.0-preview.5.25277.114",
          "Microsoft.Extensions.Options": "10.0.0-preview.5.25277.114"
        }
      },
      "Microsoft.Extensions.Logging": {
        "type": "Direct",
        "requested": "[10.0.0-preview.5.25277.114, )",
        "resolved": "10.0.0-preview.5.25277.114",
        "contentHash": "iGH9mizSDtlcMa5/t7BHS3oGFUu/Oc85AxUmvTTNFZ10EzXfkSy5l6WJWlKokVel+NNbdn8S9FTPNgiCijjIkg==",
        "dependencies": {
          "Microsoft.Extensions.DependencyInjection": "10.0.0-preview.5.25277.114",
          "Microsoft.Extensions.Logging.Abstractions": "10.0.0-preview.5.25277.114",
          "Microsoft.Extensions.Options": "10.0.0-preview.5.25277.114"
        }
      },
      "SonarAnalyzer.CSharp": {
        "type": "Direct",
        "requested": "[10.11.0.117924, )",
        "resolved": "10.11.0.117924",
        "contentHash": "C7eK46HEeZCptfuR2kGjLnBzdzBjx1F1fb6Ga8DFOsPPaz1sw7LNWdGh42+Ch5NJW/Iq39xcDds4lvww7i4BGw=="
      },
      "Microsoft.Extensions.Configuration": {
        "type": "Transitive",
        "resolved": "10.0.0-preview.5.25277.114",
        "contentHash": "wYa8Nt9b9resDOMFn2zr2aPLzF4NsJfhL3B4MRaUoR7+ZcVh+Pv8KEq3i9WI8rCKvpslHF3i4jV4e1HZqHC/aw==",
        "dependencies": {
          "Microsoft.Extensions.Configuration.Abstractions": "10.0.0-preview.5.25277.114",
          "Microsoft.Extensions.Primitives": "10.0.0-preview.5.25277.114"
        }
      },
      "Microsoft.Extensions.Configuration.Abstractions": {
        "type": "Transitive",
        "resolved": "10.0.0-preview.5.25277.114",
        "contentHash": "4DyEA5PDBHlHgTURPUI8IkkVgdKEDCLcz9/7V9bexbp0PKT9G8bynhi+hJsmA431ituTiRPg/xY560WXvylcTQ==",
        "dependencies": {
          "Microsoft.Extensions.Primitives": "10.0.0-preview.5.25277.114"
        }
      },
      "Microsoft.Extensions.Configuration.Binder": {
        "type": "Transitive",
        "resolved": "10.0.0-preview.5.25277.114",
        "contentHash": "f9wWrb7mPdK1IZSEQkFYzR7i+LRVdIxJnHmQXSCS6Rh5OKP/AxugY2AFaRElkZ6gPvUI0kWnSArrVDTxU+nYzw==",
        "dependencies": {
          "Microsoft.Extensions.Configuration.Abstractions": "10.0.0-preview.5.25277.114"
        }
      },
      "Microsoft.Extensions.DependencyInjection": {
        "type": "Transitive",
        "resolved": "10.0.0-preview.5.25277.114",
        "contentHash": "DpNwgRfOKVZ9XNmVUgtJog+IUSdePq+YfSNtLbgoID82elpicMJYDufDK9aMAOpZ+piTkdr1lyonQ7tDF4qDiA==",
        "dependencies": {
          "Microsoft.Extensions.DependencyInjection.Abstractions": "10.0.0-preview.5.25277.114"
        }
      },
      "Microsoft.Extensions.DependencyInjection.Abstractions": {
        "type": "Transitive",
        "resolved": "10.0.0-preview.5.25277.114",
        "contentHash": "t0CbrAKI3cL+s2wV6UMf1Wg2wPPZ/ABO2Zi+HALJrd4vSQtskzz4rU+jr0ZKfVSnpj1QuYigj2pIWtQAbqPuLQ=="
      },
      "Microsoft.Extensions.Diagnostics": {
        "type": "Transitive",
        "resolved": "10.0.0-preview.5.25277.114",
        "contentHash": "OfC2EIjgbWKpfoxOLja3ulfvv6JGIQ+qFM2MCNAgVGZwi/nIXy0tf7pOpqCpvYIzi9YlsvI+mdU0eIbj9fBTxA==",
        "dependencies": {
          "Microsoft.Extensions.Configuration": "10.0.0-preview.5.25277.114",
          "Microsoft.Extensions.Diagnostics.Abstractions": "10.0.0-preview.5.25277.114",
          "Microsoft.Extensions.Options.ConfigurationExtensions": "10.0.0-preview.5.25277.114"
        }
      },
      "Microsoft.Extensions.Diagnostics.Abstractions": {
        "type": "Transitive",
        "resolved": "10.0.0-preview.5.25277.114",
        "contentHash": "GQiI7yO4IzK3mOxIxl98AGRqqr0RmuDoC3vi+cmJLsj8YqK8Gq2Tcb28ZfUc2/S90dfFto64Ol48Hc+sUQre6g==",
        "dependencies": {
          "Microsoft.Extensions.DependencyInjection.Abstractions": "10.0.0-preview.5.25277.114",
          "Microsoft.Extensions.Options": "10.0.0-preview.5.25277.114"
        }
      },
      "Microsoft.Extensions.Logging.Abstractions": {
        "type": "Transitive",
        "resolved": "10.0.0-preview.5.25277.114",
        "contentHash": "NcC1ZCcg4DPiej9GBqGEcC3mVjRl1QLlHJGzOHUEZkywkzMoHy5xjiIObpZNcy7XKbl1DYzyuqudDz04QdYIDw==",
        "dependencies": {
          "Microsoft.Extensions.DependencyInjection.Abstractions": "10.0.0-preview.5.25277.114"
        }
      },
      "Microsoft.Extensions.Options": {
        "type": "Transitive",
        "resolved": "10.0.0-preview.5.25277.114",
        "contentHash": "IzAXVHABOW+ZzRIcfFdatr2yFUg3DgafeTOQosub704cUPDlOSW3iI+yuRLxbqE2Jxx0DMGUDLOP4HoeFXBA0g==",
        "dependencies": {
          "Microsoft.Extensions.DependencyInjection.Abstractions": "10.0.0-preview.5.25277.114",
          "Microsoft.Extensions.Primitives": "10.0.0-preview.5.25277.114"
        }
      },
      "Microsoft.Extensions.Options.ConfigurationExtensions": {
        "type": "Transitive",
        "resolved": "10.0.0-preview.5.25277.114",
        "contentHash": "0iSn4A90cEhnnPqwbV2ARR3EXYnluACYFDVmGY5b/vb1blHIQ7uA9h7tT2Iw1MhgP/oS4wBypcCMO8tKy/YOrQ==",
        "dependencies": {
          "Microsoft.Extensions.Configuration.Abstractions": "10.0.0-preview.5.25277.114",
          "Microsoft.Extensions.Configuration.Binder": "10.0.0-preview.5.25277.114",
          "Microsoft.Extensions.DependencyInjection.Abstractions": "10.0.0-preview.5.25277.114",
          "Microsoft.Extensions.Options": "10.0.0-preview.5.25277.114",
          "Microsoft.Extensions.Primitives": "10.0.0-preview.5.25277.114"
        }
      },
      "Microsoft.Extensions.Primitives": {
        "type": "Transitive",
        "resolved": "10.0.0-preview.5.25277.114",
        "contentHash": "CAUfd41c6W6P1B90rJSf5dyJBJSwSIbRexJ2W+h0MASF/4dDKlUn33gPeS6DYeOsL4d/RebiIdBoVdOTBdMCcQ=="
      },
      "Microsoft.Net.Http.Headers": {
        "type": "Transitive",
        "resolved": "10.0.0-preview.5.25277.114",
        "contentHash": "IuvLPwyD/TJtJlxwjWf/7mi9fghs9zxcmzlEQHz6oYfIoambnxRa9Q0nkzASD6Nz98jmlFKGw+IMjfMvkQ3M0g==",
        "dependencies": {
          "Microsoft.Extensions.Primitives": "10.0.0-preview.5.25277.114"
        }
      }
    }
  }
}