<Solution>
  <Folder Name="/App/">
    <Project Path="App/Api/Api.csproj" />
    <Project Path="App/Services/Services.csproj" />
  </Folder>
  <Folder Name="/Tests/">
    <Project Path="Tests/IntegrationTests/IntegrationTests.csproj" />
    <Project Path="Tests/UnitTests/UnitTests.csproj" />
  </Folder>
</Solution>
