{
  "version": 2,
  "dependencies": {
    "net10.0": {
      "Microsoft.NET.Test.Sdk": {
        "type": "Direct",
        "requested": "[18.3.0, )",
        "resolved": "18.3.0",
        "contentHash": "xW3kXuWRQtgoxJp4J+gdhHSQyK+6Wb/AZDSd7lMvuMRYlZ1tnpkojyfZlWilB5G4dmZ0Y0ZxU/M23TlubndNkw==",
        "dependencies": {
          "Microsoft.CodeCoverage": "18.3.0",
          "Microsoft.TestPlatform.TestHost": "18.3.0"
        }
      },
      "Shouldly": {
        "type": "Direct",
        "requested": "[4.3.0, )",
        "resolved": "4.3.0",
        "contentHash": "sDetrWXrl6YXZ4HeLsdBoNk3uIa7K+V4uvIJ+cqdRa5DrFxeTED7VkjoxCuU1kJWpUuBDZz2QXFzSxBtVXLwRQ==",
        "dependencies": {
          "DiffEngine": "11.3.0",
          "EmptyFiles": "4.4.0"
        }
      },
      "SonarAnalyzer.CSharp": {
        "type": "Direct",
        "requested": "[10.21.0.135717, )",
        "resolved": "10.21.0.135717",
        "contentHash": "i5awvO2aapfOLXq5v7uvCxLvx+p5H79RhGi2+gPMTDKpw4IBOX3Nw+1fuIcH4ZIzQ7+g5PYJi3fBYHFh0Iz+Fw=="
      },
      "xunit.runner.visualstudio": {
        "type": "Direct",
        "requested": "[3.1.5, )",
        "resolved": "3.1.5",
        "contentHash": "tKi7dSTwP4m5m9eXPM2Ime4Kn7xNf4x4zT9sdLO/G4hZVnQCRiMTWoSZqI/pYTVeI27oPPqHBKYI/DjJ9GsYgA=="
      },
      "xunit.v3.mtp-v2": {
        "type": "Direct",
        "requested": "[3.2.2, )",
        "resolved": "3.2.2",
        "contentHash": "S0LJpeMIMrmbVLXDCvPVX47OLk28qBYfGU+5SNCbarOEdw8oKLfiVqaACwuYRvLiOqDEB/+VJ8gTSB1ZwheoOQ==",
        "dependencies": {
          "xunit.analyzers": "1.27.0",
          "xunit.v3.assert": "[3.2.2]",
          "xunit.v3.core.mtp-v2": "[3.2.2]"
        }
      },
      "Asp.Versioning.Abstractions": {
        "type": "Transitive",
        "resolved": "8.1.0",
        "contentHash": "mpeNZyMdvrHztJwR1sXIUQ+3iioEU97YMBnFA9WLbsPOYhGwDJnqJMmEd8ny7kcmS9OjTHoEuX/bSXXY3brIFA==",
        "dependencies": {
          "Microsoft.Extensions.Primitives": "8.0.0"
        }
      },
      "Asp.Versioning.Http": {
        "type": "Transitive",
        "resolved": "8.1.1",
        "contentHash": "1D/Mzq1MSUSQe1eCY6GeEsu+tIlpzoWZxZkhlcw/uvtVoTrwO+BMl0fSj/XX8oZN1DutWTZqHDHgyDRq+IeSdQ==",
        "dependencies": {
          "Asp.Versioning.Abstractions": "8.1.0"
        }
      },
      "Asp.Versioning.Mvc": {
        "type": "Transitive",
        "resolved": "8.1.1",
        "contentHash": "mkJv6eAdlbHbqTdrUcfEYFoZuGL6HoR7O+Lfsvivixp7N5BNhfCFPPOwsBzdIiH1qzdJXyJf+C+DZ08j27PMPg==",
        "dependencies": {
          "Asp.Versioning.Http": "8.1.1"
        }
      },
      "Asp.Versioning.Mvc.ApiExplorer": {
        "type": "Transitive",
        "resolved": "8.1.1",
        "contentHash": "u8PrP6CjmurgIh0EDfg8Gc/GdpDHgkbv8OLKdxQcWb5W4sp0i9BcdbQlLvRcATjNIJUyr7ZmqXjmdsFfqnuy0g==",
        "dependencies": {
          "Asp.Versioning.Mvc": "8.1.1"
        }
      },
      "Azure.Core": {
        "type": "Transitive",
        "resolved": "1.51.1",
        "contentHash": "JRANrRvN5O5FFRh+pMUb8qqWU7jBQ39qXEbVr7Rkb1/s7rqc6RSzVHKGBz5Ro1gDy2WSGjG5YEOJKpPIBiCMcA==",
        "dependencies": {
          "Microsoft.Bcl.AsyncInterfaces": "10.0.2",
          "System.ClientModel": "1.9.0",
          "System.Memory.Data": "10.0.1"
        }
      },
      "Azure.Extensions.AspNetCore.Configuration.Secrets": {
        "type": "Transitive",
        "resolved": "1.5.0",
        "contentHash": "6dwMdsiW/bH4jYA8cmynQ2FclwDTERHE897NqdGRy+OROZdF9oTdz3sQIlezMoFGDg8IX8O2mPp8SbPymyuSnw==",
        "dependencies": {
          "Azure.Core": "1.51.1",
          "Azure.Identity": "1.18.0",
          "Azure.Security.KeyVault.Secrets": "4.9.0",
          "Microsoft.Extensions.Configuration": "10.0.3"
        }
      },
      "Azure.Identity": {
        "type": "Transitive",
        "resolved": "1.19.0",
        "contentHash": "01KY5RC7XHwh3azcZ46GMhVR7ajRsRPFh5ivVuvs7N9nVAYK+9/g2eqXTjBneorm9PTYAUfmHvd1dIdmzBym3w==",
        "dependencies": {
          "Azure.Core": "1.51.1",
          "Microsoft.Extensions.Configuration.Abstractions": "10.0.3",
          "Microsoft.Extensions.Hosting.Abstractions": "10.0.3",
          "Microsoft.Identity.Client": "4.83.1",
          "Microsoft.Identity.Client.Extensions.Msal": "4.83.1"
        }
      },
      "Azure.Monitor.OpenTelemetry.Exporter": {
        "type": "Transitive",
        "resolved": "1.6.0",
        "contentHash": "cEPL/LecV5u4vgLwCypsHn86LgmyKUGC1tTMd5M2I8osxjUaiF3U02X9WkFil3GJB9Yyb1Pk5BtQ9yzQ1lSB/A==",
        "dependencies": {
          "Azure.Core": "1.50.0",
          "OpenTelemetry.Extensions.Hosting": "1.14.0",
          "OpenTelemetry.PersistentStorage.FileSystem": "1.0.2"
        }
      },
      "Azure.Security.KeyVault.Secrets": {
        "type": "Transitive",
        "resolved": "4.9.0",
        "contentHash": "3cQKaNCfP6QQwEoqmxShIkzCQFJ9SlCbLzIb/UH/lMhpiqjVRkF62qOUP6T7NB4fnf7RV+TxsvjWpkNddu22EA==",
        "dependencies": {
          "Azure.Core": "1.51.1"
        }
      },
      "DiffEngine": {
        "type": "Transitive",
        "resolved": "11.3.0",
        "contentHash": "k0ZgZqd09jLZQjR8FyQbSQE86Q7QZnjEzq1LPHtj1R2AoWO8sjV5x+jlSisL7NZAbUOI4y+7Bog8gkr9WIRBGw==",
        "dependencies": {
          "EmptyFiles": "4.4.0",
          "System.Management": "6.0.1"
        }
      },
      "DotNetEnv": {
        "type": "Transitive",
        "resolved": "3.1.1",
        "contentHash": "o4SqUVCq0pqHF/HYsZk6k22XGIVmvsDVo+Dy7l0ubq9uQ45JkXswrMRJmYvhGLXWFYF0M5OupMonytB+0zvpGQ==",
        "dependencies": {
          "Microsoft.Extensions.Configuration": "1.1.2",
          "Microsoft.Extensions.Configuration.Abstractions": "1.1.2",
          "NETStandard.Library": "1.6.1",
          "Sprache": "2.3.1"
        }
      },
      "EmptyFiles": {
        "type": "Transitive",
        "resolved": "4.4.0",
        "contentHash": "gwJEfIGS7FhykvtZoscwXj/XwW+mJY6UbAZk+qtLKFUGWC95kfKXnj8VkxsZQnWBxJemM/q664rGLN5nf+OHZw=="
      },
      "Microsoft.ApplicationInsights": {
        "type": "Transitive",
        "resolved": "3.0.0",
        "contentHash": "WlPqOJXnUKHk8oXo/4HVZM5lqfgJfqaNXtzgVytdQZU237zaaytvDR5hA1G+BqQ7n/mm3sfush1y8bso+42s3g==",
        "dependencies": {
          "Azure.Monitor.OpenTelemetry.Exporter": "1.6.0"
        }
      },
      "Microsoft.ApplicationInsights.AspNetCore": {
        "type": "Transitive",
        "resolved": "3.0.0",
        "contentHash": "fPV/uUNypN5uaITL/FhtQsLyFYoCGsJcYTB+G+ngveKsKXlyInvQLuiiKTbGa+ARSuNHNQ5lyO2wQ8w7BxZTVg==",
        "dependencies": {
          "Microsoft.ApplicationInsights": "3.0.0",
          "OpenTelemetry.Extensions.Hosting": "1.15.0",
          "OpenTelemetry.Instrumentation.AspNetCore": "1.15.0",
          "OpenTelemetry.Instrumentation.Http": "1.15.0",
          "OpenTelemetry.Instrumentation.SqlClient": "1.15.0"
        }
      },
      "Microsoft.AspNetCore.OpenApi": {
        "type": "Transitive",
        "resolved": "10.0.5",
        "contentHash": "vTcxIfOPyfFbYk1g8YcXJfkMnlEWVkSnnjxcZLy60zgwiHMRf2SnZR+9E4HlpwKxgE3yfKMOti8J6WfKuKsw6w==",
        "dependencies": {
          "Microsoft.OpenApi": "2.0.0"
        }
      },
      "Microsoft.AspNetCore.WebUtilities": {
        "type": "Transitive",
        "resolved": "10.0.5",
        "contentHash": "IvoRyjH9c0YWxqgpd6H24bP9Jd9L9/g/S8k3cYMOp/U1dbX4/W6qbTxEcbex36KJ1M69xP/UDiCXPxf5jWodYg==",
        "dependencies": {
          "Microsoft.Net.Http.Headers": "10.0.5"
        }
      },
      "Microsoft.Bcl.AsyncInterfaces": {
        "type": "Transitive",
        "resolved": "10.0.2",
        "contentHash": "qE5JhRoeJbAipLqpUCZyNfNwnpAvUttXgIQDnTiJ15d8ji+/bPgoPkB3xLzK5cQTobN2D2ditUesUlDHb7p3Pg=="
      },
      "Microsoft.CodeCoverage": {
        "type": "Transitive",
        "resolved": "18.3.0",
        "contentHash": "23BNy/vziREC20Wwhb50K7+kZe0m07KlLWDQv4qjJ9tt3QjpDpDIqJFrhYHmMEo9xDkuSp55U/8h4bMF7MiB+g=="
      },
      "Microsoft.Extensions.Configuration": {
        "type": "Transitive",
        "resolved": "10.0.5",
        "contentHash": "8Rx5sqg04FttxrumyG6bmoRuFRgYzK6IVwF1i0/o0cXfKBdDeVpJejKHtJCMjyg9E/DNMVqpqOGe/tCT5gYvVA==",
        "dependencies": {
          "Microsoft.Extensions.Configuration.Abstractions": "10.0.5",
          "Microsoft.Extensions.Primitives": "10.0.5"
        }
      },
      "Microsoft.Extensions.Configuration.Abstractions": {
        "type": "Transitive",
        "resolved": "10.0.5",
        "contentHash": "P09QpTHjqHmCLQOTC+WyLkoRNxek4NIvfWt+TnU0etoDUSRxcltyd6+j/ouRbMdLR0j44GqGO+lhI2M4fAHG4g==",
        "dependencies": {
          "Microsoft.Extensions.Primitives": "10.0.5"
        }
      },
      "Microsoft.Extensions.Configuration.Binder": {
        "type": "Transitive",
        "resolved": "10.0.5",
        "contentHash": "99Z4rjyXopb1MIazDSPcvwYCUdYNO01Cf1GUs2WUjIFAbkGmwzj2vPa2k+3pheJRV+YgNd2QqRKHAri0oBAU4Q==",
        "dependencies": {
          "Microsoft.Extensions.Configuration": "10.0.5",
          "Microsoft.Extensions.Configuration.Abstractions": "10.0.5"
        }
      },
      "Microsoft.Extensions.DependencyInjection": {
        "type": "Transitive",
        "resolved": "10.0.5",
        "contentHash": "v1SVsowG6YE1YnHVGmLWz57YTRCQRx9pH5ebIESXfm5isI9gA3QaMyg/oMTzPpXYZwSAVDzYItGJKfmV+pqXkQ==",
        "dependencies": {
          "Microsoft.Extensions.DependencyInjection.Abstractions": "10.0.5"
        }
      },
      "Microsoft.Extensions.DependencyInjection.Abstractions": {
        "type": "Transitive",
        "resolved": "10.0.5",
        "contentHash": "iVMtq9eRvzyhx8949EGT0OCYJfXi737SbRVzWXE5GrOgGj5AaZ9eUuxA/BSUfmOMALKn/g8KfFaNQw0eiB3lyA=="
      },
      "Microsoft.Extensions.DependencyModel": {
        "type": "Transitive",
        "resolved": "10.0.0",
        "contentHash": "RFYJR7APio/BiqdQunRq6DB+nDB6nc2qhHr77mlvZ0q0BT8PubMXN7XicmfzCbrDE/dzhBnUKBRXLTcqUiZDGg=="
      },
      "Microsoft.Extensions.Diagnostics": {
        "type": "Transitive",
        "resolved": "10.0.5",
        "contentHash": "vAJHd4yOpmKoK+jBuYV7a3y+Ab9U4ARCc29b6qvMy276RgJFw9LFs0DdsPqOL3ahwzyrX7tM+i4cCxU/RX0qAg==",
        "dependencies": {
          "Microsoft.Extensions.Configuration": "10.0.5",
          "Microsoft.Extensions.Diagnostics.Abstractions": "10.0.5",
          "Microsoft.Extensions.Options.ConfigurationExtensions": "10.0.5"
        }
      },
      "Microsoft.Extensions.Diagnostics.Abstractions": {
        "type": "Transitive",
        "resolved": "10.0.5",
        "contentHash": "/nYGrpa9/0BZofrVpBbbj+Ns8ZesiPE0V/KxsuHgDgHQopIzN54nRaQGSuvPw16/kI9sW1Zox5yyAPqvf0Jz6A==",
        "dependencies": {
          "Microsoft.Extensions.DependencyInjection.Abstractions": "10.0.5",
          "Microsoft.Extensions.Options": "10.0.5"
        }
      },
      "Microsoft.Extensions.FileProviders.Abstractions": {
        "type": "Transitive",
        "resolved": "10.0.3",
        "contentHash": "4TD9AXDRsipTmaemwnjt/DM5Ri0de2JzHQhvZ4woBTjUtL4XrPNsMrOk5oiLJAx1gTrE6pOIhxv+lEde5F6CZA==",
        "dependencies": {
          "Microsoft.Extensions.Primitives": "10.0.3"
        }
      },
      "Microsoft.Extensions.Hosting.Abstractions": {
        "type": "Transitive",
        "resolved": "10.0.3",
        "contentHash": "GdMpC10Jf6poxSvUJ4lgYpJ5F/kJeaAoJmrPufjBoPYyCTKKY5Dyl0rZA+LBNvFqTq1cZa/lhlptlUhNvU6xrg==",
        "dependencies": {
          "Microsoft.Extensions.Configuration.Abstractions": "10.0.3",
          "Microsoft.Extensions.DependencyInjection.Abstractions": "10.0.3",
          "Microsoft.Extensions.Diagnostics.Abstractions": "10.0.3",
          "Microsoft.Extensions.FileProviders.Abstractions": "10.0.3",
          "Microsoft.Extensions.Logging.Abstractions": "10.0.3"
        }
      },
      "Microsoft.Extensions.Http": {
        "type": "Transitive",
        "resolved": "10.0.5",
        "contentHash": "AiFvHYM8nP0wPC7bGPI3NHQlSYSLqjjT7DMJUuuxhd+7pz3O89iu2gdQfgACy5DxsXENiok5i1bMacJL7KR8jA==",
        "dependencies": {
          "Microsoft.Extensions.Configuration.Abstractions": "10.0.5",
          "Microsoft.Extensions.DependencyInjection.Abstractions": "10.0.5",
          "Microsoft.Extensions.Diagnostics": "10.0.5",
          "Microsoft.Extensions.Logging": "10.0.5",
          "Microsoft.Extensions.Logging.Abstractions": "10.0.5",
          "Microsoft.Extensions.Options": "10.0.5"
        }
      },
      "Microsoft.Extensions.Logging": {
        "type": "Transitive",
        "resolved": "10.0.5",
        "contentHash": "+XTMKQyDWg4ODoNHU/BN3BaI1jhGO7VCS+BnzT/4IauiG6y2iPAte7MyD7rHKS+hNP0TkFkjrae8DFjDUxtcxg==",
        "dependencies": {
          "Microsoft.Extensions.DependencyInjection": "10.0.5",
          "Microsoft.Extensions.Logging.Abstractions": "10.0.5",
          "Microsoft.Extensions.Options": "10.0.5"
        }
      },
      "Microsoft.Extensions.Logging.Abstractions": {
        "type": "Transitive",
        "resolved": "10.0.5",
        "contentHash": "9HOdqlDtPptVcmKAjsQ/Nr5Rxfq6FMYLdhvZh1lVmeKR738qeYecQD7+ldooXf+u2KzzR1kafSphWngIM3C6ug==",
        "dependencies": {
          "Microsoft.Extensions.DependencyInjection.Abstractions": "10.0.5"
        }
      },
      "Microsoft.Extensions.Logging.ApplicationInsights": {
        "type": "Transitive",
        "resolved": "2.23.0",
        "contentHash": "JLEabPz445i1yRB0hKZVzJJE35QatRIzWlrMOiBQXr9kBJod0jkpkrBf94ln6kXu+jlEGohnXtuXacPPhybJDw==",
        "dependencies": {
          "Microsoft.ApplicationInsights": "2.23.0",
          "Microsoft.Extensions.Logging": "2.1.1"
        }
      },
      "Microsoft.Extensions.Logging.Configuration": {
        "type": "Transitive",
        "resolved": "10.0.0",
        "contentHash": "j8zcwhS6bYB6FEfaY3nYSgHdpiL2T+/V3xjpHtslVAegyI1JUbB9yAt/BFdvZdsNbY0Udm4xFtvfT/hUwcOOOg==",
        "dependencies": {
          "Microsoft.Extensions.Configuration": "10.0.0",
          "Microsoft.Extensions.Configuration.Abstractions": "10.0.0",
          "Microsoft.Extensions.Configuration.Binder": "10.0.0",
          "Microsoft.Extensions.DependencyInjection.Abstractions": "10.0.0",
          "Microsoft.Extensions.Logging": "10.0.0",
          "Microsoft.Extensions.Logging.Abstractions": "10.0.0",
          "Microsoft.Extensions.Options": "10.0.0",
          "Microsoft.Extensions.Options.ConfigurationExtensions": "10.0.0"
        }
      },
      "Microsoft.Extensions.Options": {
        "type": "Transitive",
        "resolved": "10.0.5",
        "contentHash": "MDaQMdUplw0AIRhWWmbLA7yQEXaLIHb+9CTroTiNS8OlI0LMXS4LCxtopqauiqGCWlRgJ+xyraVD8t6veRAFbw==",
        "dependencies": {
          "Microsoft.Extensions.DependencyInjection.Abstractions": "10.0.5",
          "Microsoft.Extensions.Primitives": "10.0.5"
        }
      },
      "Microsoft.Extensions.Options.ConfigurationExtensions": {
        "type": "Transitive",
        "resolved": "10.0.5",
        "contentHash": "BB9uUW3+6Rxu1R97OB1H/13lUF8P2+H1+eDhpZlK30kDh/6E4EKHBUqTp+ilXQmZLzsRErxON8aBSR6WpUKJdg==",
        "dependencies": {
          "Microsoft.Extensions.Configuration.Abstractions": "10.0.5",
          "Microsoft.Extensions.Configuration.Binder": "10.0.5",
          "Microsoft.Extensions.DependencyInjection.Abstractions": "10.0.5",
          "Microsoft.Extensions.Options": "10.0.5",
          "Microsoft.Extensions.Primitives": "10.0.5"
        }
      },
      "Microsoft.Extensions.Primitives": {
        "type": "Transitive",
        "resolved": "10.0.5",
        "contentHash": "/HUHJ0tw/LQvD0DZrz50eQy/3z7PfX7WWEaXnjKTV9/TNdcgFlNTZGo49QhS7PTmhDqMyHRMqAXSBxLh0vso4g=="
      },
      "Microsoft.Identity.Client": {
        "type": "Transitive",
        "resolved": "4.83.1",
        "contentHash": "jOLIrZ3cynoqHLLO1cXplFFabrhrMEYs/EuKHvmCyrOm1axqiVFT6nCSnHxk7w5+d2BeQfCdM12Yf/0X7OeS1g==",
        "dependencies": {
          "Microsoft.IdentityModel.Abstractions": "8.14.0"
        }
      },
      "Microsoft.Identity.Client.Extensions.Msal": {
        "type": "Transitive",
        "resolved": "4.83.1",
        "contentHash": "I3k4J4Hj4KbLEFanjeUzzDOVecukETaTgEkJ7h2pP/Yazs6SLp6TVUTo/Eo+ptPXMwvc+iX7rBFtMSUrA7R+Mg==",
        "dependencies": {
          "Microsoft.Identity.Client": "4.83.1",
          "System.Security.Cryptography.ProtectedData": "4.5.0"
        }
      },
      "Microsoft.IdentityModel.Abstractions": {
        "type": "Transitive",
        "resolved": "8.14.0",
        "contentHash": "iwbCpSjD3ehfTwBhtSNEtKPK0ICun6ov7Ibx6ISNA9bfwIyzI2Siwyi9eJFCJBwxowK9xcA1mj+jBWiigeqgcQ=="
      },
      "Microsoft.Net.Http.Headers": {
        "type": "Transitive",
        "resolved": "10.0.5",
        "contentHash": "TGUHL+k6OikGvIDpwwFUBkhSYs+1Z6BYab6EJM8xrIvuSNdf+Ni0hiNRyM7WeoycZo8yHttdCHlbj3QfLtGM6Q==",
        "dependencies": {
          "Microsoft.Extensions.Primitives": "10.0.5"
        }
      },
      "Microsoft.NETCore.Platforms": {
        "type": "Transitive",
        "resolved": "1.1.0",
        "contentHash": "kz0PEW2lhqygehI/d6XsPCQzD7ff7gUJaVGPVETX611eadGsA3A877GdSlU0LRVMCTH/+P3o2iDTak+S08V2+A=="
      },
      "Microsoft.Testing.Extensions.Telemetry": {
        "type": "Transitive",
        "resolved": "2.0.2",
        "contentHash": "H580BvHyuADoWzlH9zRk5fqVyGucm6mhph+k40CQc9O4ie+Buxa4Pk9Q92BEClqIICqi25J7fuMII9qFYYgKtw==",
        "dependencies": {
          "Microsoft.ApplicationInsights": "2.23.0",
          "Microsoft.Testing.Platform": "2.0.2"
        }
      },
      "Microsoft.Testing.Extensions.TrxReport.Abstractions": {
        "type": "Transitive",
        "resolved": "2.0.2",
        "contentHash": "MrHYdPZ1CiyYp5bfjzNSghfVwl/I9osMazcZMAbwZY0BhR32i70YLf4zSXECvU2qt2PvDdrjYpGRgBscFbjDpw==",
        "dependencies": {
          "Microsoft.Testing.Platform": "2.0.2"
        }
      },
      "Microsoft.Testing.Platform": {
        "type": "Transitive",
        "resolved": "2.0.2",
        "contentHash": "43NCOTEENtdc9fmlzX9KHQR14AZEYek5r4jOJlWPhTyV1+aYAQYl4x773nYXU5TKxV6+rMuniJ7wcj9C9qrP1A=="
      },
      "Microsoft.Testing.Platform.MSBuild": {
        "type": "Transitive",
        "resolved": "2.0.2",
        "contentHash": "2zKkQKaUoaKgb/3AekboWOdLMh4upCo1nLWQnjGzp8r9YjiNOZRrzTsJQ3A4U03AcbH0evlIvFDKYSUqmTVuug==",
        "dependencies": {
          "Microsoft.Testing.Platform": "2.0.2"
        }
      },
      "Microsoft.TestPlatform.ObjectModel": {
        "type": "Transitive",
        "resolved": "18.3.0",
        "contentHash": "AEIEX2aWdPO9XbtR96eBaJxmXRD9vaI9uQ1T/JbPEKlTAZwYx0ZrMzKyULMdh/HH9Sg03kXCoN7LszQ90o6nPQ=="
      },
      "Microsoft.TestPlatform.TestHost": {
        "type": "Transitive",
        "resolved": "18.3.0",
        "contentHash": "twmsoelXnp1uWMU3VGip9f0Jr1mZ0PZqgJdF35CIrdYgYrkHIJMV1m8uKyhcdjLdsQDESHAgkR7KhS9i1qpJag==",
        "dependencies": {
          "Microsoft.TestPlatform.ObjectModel": "18.3.0",
          "Newtonsoft.Json": "13.0.3"
        }
      },
      "Microsoft.Win32.Registry": {
        "type": "Transitive",
        "resolved": "5.0.0",
        "contentHash": "dDoKi0PnDz31yAyETfRntsLArTlVAVzUzCIvvEDsDsucrl33Dl8pIJG06ePTJTI3tGpeyHS9Cq7Foc/s4EeKcg=="
      },
      "NETStandard.Library": {
        "type": "Transitive",
        "resolved": "1.6.1",
        "contentHash": "WcSp3+vP+yHNgS8EV5J7pZ9IRpeDuARBPN28by8zqff1wJQXm26PVU8L3/fYLBJVU7BtDyqNVWq2KlCVvSSR4A==",
        "dependencies": {
          "Microsoft.NETCore.Platforms": "1.1.0"
        }
      },
      "Newtonsoft.Json": {
        "type": "Transitive",
        "resolved": "13.0.3",
        "contentHash": "HrC5BXdl00IP9zeV+0Z848QWPAoCr9P3bDEZguI+gkLcBKAOxix/tLEAAHC+UvDNPv4a2d18lOReHMOagPa+zQ=="
      },
      "OpenTelemetry": {
        "type": "Transitive",
        "resolved": "1.15.0",
        "contentHash": "7mS/oZFF8S6xyqGQfMU1btp0nXJQUPWV535Vp/XMLYwRAUv36xQN+U4vufWBF1+z4HnRTOwuFHtUSGnHbyN6FQ==",
        "dependencies": {
          "Microsoft.Extensions.Diagnostics.Abstractions": "10.0.0",
          "Microsoft.Extensions.Logging.Configuration": "10.0.0",
          "OpenTelemetry.Api.ProviderBuilderExtensions": "1.15.0"
        }
      },
      "OpenTelemetry.Api": {
        "type": "Transitive",
        "resolved": "1.15.0",
        "contentHash": "vk5OGdf6K9kQScCWo3bRjhDWCv6Pqw92IpX4dlARZ8B1WL7/2NGTDtCkkw42eQf7UdwyoHKzVvMH/PtL8d6z7w=="
      },
      "OpenTelemetry.Api.ProviderBuilderExtensions": {
        "type": "Transitive",
        "resolved": "1.15.0",
        "contentHash": "OnuSUlRpGvowkOzGFQfy+KZFu0cITfKfh2IYJJiZskxVJiOuexwOOuvfDAgpJdmTzVWAHjYdz2shcHZaJ06UjQ==",
        "dependencies": {
          "Microsoft.Extensions.DependencyInjection.Abstractions": "10.0.0",
          "OpenTelemetry.Api": "1.15.0"
        }
      },
      "OpenTelemetry.Extensions.Hosting": {
        "type": "Transitive",
        "resolved": "1.15.0",
        "contentHash": "RixjKyB1pbYGhWdvPto4KJs+exdQknJsnjUO9WszdLles5Vcd0EYzxPNJdwmLjYfP+Jfbr4B5nktM4ZgeHSWtg==",
        "dependencies": {
          "Microsoft.Extensions.Hosting.Abstractions": "10.0.0",
          "OpenTelemetry": "1.15.0"
        }
      },
      "OpenTelemetry.Instrumentation.AspNetCore": {
        "type": "Transitive",
        "resolved": "1.15.0",
        "contentHash": "mte1nRYefxjed2syXgVWq3UCfMKO7MkebvTZmf0O1aLgVgCktLsVjQ6mftyjIbWGBBCHN0wg+Glxj8BSFS70pQ==",
        "dependencies": {
          "OpenTelemetry.Api.ProviderBuilderExtensions": "[1.15.0, 2.0.0)"
        }
      },
      "OpenTelemetry.Instrumentation.Http": {
        "type": "Transitive",
        "resolved": "1.15.0",
        "contentHash": "uToc7bUp8IEdb0ny9mKsL6FrrYelINPzxxiSShJgOf4XmQc4Azww6S5RjRj24YhsOn2a1MABOrxfVTZXtDk4Eg==",
        "dependencies": {
          "Microsoft.Extensions.Configuration": "10.0.0",
          "Microsoft.Extensions.Options": "10.0.0",
          "OpenTelemetry.Api.ProviderBuilderExtensions": "[1.15.0, 2.0.0)"
        }
      },
      "OpenTelemetry.Instrumentation.SqlClient": {
        "type": "Transitive",
        "resolved": "1.15.0",
        "contentHash": "J0lI7lCngS4TJD4T7KNsAerOIjJHNV0T2MK0iuS2tK8wF7iqL1dp4MKW05FiyfvrIXkwsvFc1okKchxS8B0+SQ==",
        "dependencies": {
          "Microsoft.Extensions.Configuration": "10.0.0",
          "Microsoft.Extensions.Options": "10.0.0",
          "OpenTelemetry.Api.ProviderBuilderExtensions": "[1.15.0, 2.0.0)"
        }
      },
      "OpenTelemetry.PersistentStorage.Abstractions": {
        "type": "Transitive",
        "resolved": "1.0.2",
        "contentHash": "QuBc6e7M4Skvbc+eTQGSmrcoho7lSkHLT5ngoSsVeeT8OXLpSUETNcuRPW8F5drTPTzzTKQ98C5AhKO/pjpTJg=="
      },
      "OpenTelemetry.PersistentStorage.FileSystem": {
        "type": "Transitive",
        "resolved": "1.0.2",
        "contentHash": "ys0l9vL0/wOV9p/iuyDeemjX+d8iH4yjaYA1IcmyQUw0xsxx0I3hQm7tN3FnuRPsmPtrohiLtp31hO1BcrhQ+A==",
        "dependencies": {
          "OpenTelemetry.PersistentStorage.Abstractions": "1.0.2"
        }
      },
      "Scalar.AspNetCore": {
        "type": "Transitive",
        "resolved": "2.13.13",
        "contentHash": "QS94/CNp2thhykXwBaOHjDe8Zlexs8v0QOrdLfUvxS85uW84IhCf1zGiOnYZNNtVxunJvtsr7yPgEP36TXnJ3w=="
      },
      "Serilog": {
        "type": "Transitive",
        "resolved": "4.3.1",
        "contentHash": "savYe7h5yRlkqBVOwP8cIRDOdqKiPmYCU4W87JH38sBmcKD5EBoXvQIw6bNEvZ/pTe1gsiye3VFCzBsoppGkXQ=="
      },
      "Serilog.AspNetCore": {
        "type": "Transitive",
        "resolved": "10.0.0",
        "contentHash": "a/cNa1mY4On1oJlfGG1wAvxjp5g7OEzk/Jf/nm7NF9cWoE7KlZw1GldrifUBWm9oKibHkR7Lg/l5jy3y7ACR8w==",
        "dependencies": {
          "Serilog": "4.3.0",
          "Serilog.Extensions.Hosting": "10.0.0",
          "Serilog.Formatting.Compact": "3.0.0",
          "Serilog.Settings.Configuration": "10.0.0",
          "Serilog.Sinks.Console": "6.1.1",
          "Serilog.Sinks.Debug": "3.0.0",
          "Serilog.Sinks.File": "7.0.0"
        }
      },
      "Serilog.Exceptions": {
        "type": "Transitive",
        "resolved": "8.4.0",
        "contentHash": "nc/+hUw3lsdo0zCj0KMIybAu7perMx79vu72w0za9Nsi6mWyNkGXxYxakAjWB7nEmYL6zdmhEQRB4oJ2ALUeug==",
        "dependencies": {
          "Serilog": "2.8.0",
          "System.Reflection.TypeExtensions": "4.7.0"
        }
      },
      "Serilog.Extensions.Hosting": {
        "type": "Transitive",
        "resolved": "10.0.0",
        "contentHash": "E7juuIc+gzoGxgzFooFgAV8g9BfiSXNKsUok9NmEpyAXg2odkcPsMa/Yo4axkJRlh0se7mkYQ1GXDaBemR+b6w==",
        "dependencies": {
          "Microsoft.Extensions.DependencyInjection.Abstractions": "10.0.0",
          "Microsoft.Extensions.Hosting.Abstractions": "10.0.0",
          "Microsoft.Extensions.Logging.Abstractions": "10.0.0",
          "Serilog": "4.3.0",
          "Serilog.Extensions.Logging": "10.0.0"
        }
      },
      "Serilog.Extensions.Logging": {
        "type": "Transitive",
        "resolved": "10.0.0",
        "contentHash": "vx0kABKl2dWbBhhqAfTOk53/i8aV/5VaT3a6il9gn72Wqs2pM7EK2OB6No6xdqK2IaY6Zf9gdjLuK9BVa2rT+Q==",
        "dependencies": {
          "Microsoft.Extensions.Logging": "10.0.0",
          "Serilog": "4.2.0"
        }
      },
      "Serilog.Formatting.Compact": {
        "type": "Transitive",
        "resolved": "3.0.0",
        "contentHash": "wQsv14w9cqlfB5FX2MZpNsTawckN4a8dryuNGbebB/3Nh1pXnROHZov3swtu3Nj5oNG7Ba+xdu7Et/ulAUPanQ==",
        "dependencies": {
          "Serilog": "4.0.0"
        }
      },
      "Serilog.Settings.Configuration": {
        "type": "Transitive",
        "resolved": "10.0.0",
        "contentHash": "LNq+ibS1sbhTqPV1FIE69/9AJJbfaOhnaqkzcjFy95o+4U+STsta9mi97f1smgXsWYKICDeGUf8xUGzd/52/uA==",
        "dependencies": {
          "Microsoft.Extensions.Configuration.Binder": "10.0.0",
          "Microsoft.Extensions.DependencyModel": "10.0.0",
          "Serilog": "4.3.0"
        }
      },
      "Serilog.Sinks.ApplicationInsights": {
        "type": "Transitive",
        "resolved": "5.0.0",
        "contentHash": "1gNxpRR2vZ9RScScpgfrj2utrSHgVDiAgPFdmplSlGCMONaLV+LBDe1uKeD4b/E5sQjtYKGyJ/rgVwSZcdTcZQ==",
        "dependencies": {
          "Microsoft.ApplicationInsights": "2.23.0",
          "Serilog": "4.3.0"
        }
      },
      "Serilog.Sinks.Async": {
        "type": "Transitive",
        "resolved": "2.1.0",
        "contentHash": "SnmRknWsSMgyo9wDXeZZCqSp48kkQYy44taSM6vcpxfiRICzSf09oLKEmVr0RCwQnfd8mJQ2WNN6nvhqf0RowQ==",
        "dependencies": {
          "Serilog": "4.1.0"
        }
      },
      "Serilog.Sinks.Console": {
        "type": "Transitive",
        "resolved": "6.1.1",
        "contentHash": "8jbqgjUyZlfCuSTaJk6lOca465OndqOz3KZP6Cryt/IqZYybyBu7GP0fE/AXBzrrQB3EBmQntBFAvMVz1COvAA==",
        "dependencies": {
          "Serilog": "4.0.0"
        }
      },
      "Serilog.Sinks.Debug": {
        "type": "Transitive",
        "resolved": "3.0.0",
        "contentHash": "4BzXcdrgRX7wde9PmHuYd9U6YqycCC28hhpKonK7hx0wb19eiuRj16fPcPSVp0o/Y1ipJuNLYQ00R3q2Zs8FDA==",
        "dependencies": {
          "Serilog": "4.0.0"
        }
      },
      "Serilog.Sinks.File": {
        "type": "Transitive",
        "resolved": "7.0.0",
        "contentHash": "fKL7mXv7qaiNBUC71ssvn/dU0k9t0o45+qm2XgKAlSt19xF+ijjxyA3R6HmCgfKEKwfcfkwWjayuQtRueZFkYw==",
        "dependencies": {
          "Serilog": "4.2.0"
        }
      },
      "Sprache": {
        "type": "Transitive",
        "resolved": "2.3.1",
        "contentHash": "Q+mXeiTxiUYG3lKYF6TS82/SyB4F2613Q1yXTMwg4jWGHEEVC3yrzHtNcI4B3qnDI0+eJsezGJ0V+cToUytHWw=="
      },
      "Swashbuckle.AspNetCore.SwaggerUI": {
        "type": "Transitive",
        "resolved": "10.1.6",
        "contentHash": "tDNx4ICcsviLIt4aiqmmSheeueEwH4pEWEsqI2UU9h3MiRAXOaQIkbhFpRAUwA1OqFRfmswdNjf9EuiykZ+ugA=="
      },
      "System.ClientModel": {
        "type": "Transitive",
        "resolved": "1.9.0",
        "contentHash": "1wdwKtMMMEFEYsxJmtrOd3G+7zVOVO3MlVZAsbKv9H0PnIx6J27fYAarMn0eQS0vKJPQL018DOb7YRK1O97p0A==",
        "dependencies": {
          "Microsoft.Extensions.Configuration.Abstractions": "10.0.2",
          "Microsoft.Extensions.Hosting.Abstractions": "10.0.2",
          "Microsoft.Extensions.Logging.Abstractions": "10.0.2",
          "System.Memory.Data": "10.0.1"
        }
      },
      "System.CodeDom": {
        "type": "Transitive",
        "resolved": "6.0.0",
        "contentHash": "CPc6tWO1LAer3IzfZufDBRL+UZQcj5uS207NHALQzP84Vp/z6wF0Aa0YZImOQY8iStY0A2zI/e3ihKNPfUm8XA=="
      },
      "System.Management": {
        "type": "Transitive",
        "resolved": "6.0.1",
        "contentHash": "10J1D0h/lioojphfJ4Fuh5ZUThT/xOVHdV9roGBittKKNP2PMjrvibEdbVTGZcPra1399Ja3tqIJLyQrc5Wmhg==",
        "dependencies": {
          "System.CodeDom": "6.0.0"
        }
      },
      "System.Memory.Data": {
        "type": "Transitive",
        "resolved": "10.0.1",
        "contentHash": "BZC4mhdL569AXV56ep9YO6ShjhxFXGP7SwVX0Bc/e0dJPWnS6aBEXZJXqh64RVx8HquqWHkJUINBydLRQ1yq0g=="
      },
      "System.Reflection.TypeExtensions": {
        "type": "Transitive",
        "resolved": "4.7.0",
        "contentHash": "VybpaOQQhqE6siHppMktjfGBw1GCwvCqiufqmP8F1nj7fTUNtW35LOEt3UZTEsECfo+ELAl/9o9nJx3U91i7vA=="
      },
      "System.Security.Cryptography.ProtectedData": {
        "type": "Transitive",
        "resolved": "4.5.0",
        "contentHash": "wLBKzFnDCxP12VL9ANydSYhk59fC4cvOr9ypYQLPnAj48NQIhqnjdD2yhP8yEKyBJEjERWS9DisKL7rX5eU25Q=="
      },
      "xunit.analyzers": {
        "type": "Transitive",
        "resolved": "1.27.0",
        "contentHash": "y/pxIQaLvk/kxAoDkZW9GnHLCEqzwl5TW0vtX3pweyQpjizB9y3DXhb9pkw2dGeUqhLjsxvvJM1k89JowU6z3g=="
      },
      "xunit.v3.assert": {
        "type": "Transitive",
        "resolved": "3.2.2",
        "contentHash": "BPciBghgEEaJN/JG00QfCYDfEfnLgQhfnYEy+j1izoeHVNYd5+3Wm8GJ6JgYysOhpBPYGE+sbf75JtrRc7jrdA=="
      },
      "xunit.v3.common": {
        "type": "Transitive",
        "resolved": "3.2.2",
        "contentHash": "Hj775PEH6GTbbg0wfKRvG2hNspDCvTH9irXhH4qIWgdrOSV1sQlqPie+DOvFeigsFg2fxSM3ZAaaCDQs+KreFA==",
        "dependencies": {
          "Microsoft.Bcl.AsyncInterfaces": "6.0.0"
        }
      },
      "xunit.v3.core.mtp-v2": {
        "type": "Transitive",
        "resolved": "3.2.2",
        "contentHash": "zW82tdCm+T1uUD1JKE+SmhgMq8nCAvcFPRLIVEiRgaxBSjcyJEKopLU3bHGOa416q+N3Dz7m1zLoPR5VJ5OQ+Q==",
        "dependencies": {
          "Microsoft.Testing.Extensions.Telemetry": "2.0.2",
          "Microsoft.Testing.Extensions.TrxReport.Abstractions": "2.0.2",
          "Microsoft.Testing.Platform": "2.0.2",
          "Microsoft.Testing.Platform.MSBuild": "2.0.2",
          "xunit.v3.extensibility.core": "[3.2.2]",
          "xunit.v3.runner.inproc.console": "[3.2.2]"
        }
      },
      "xunit.v3.extensibility.core": {
        "type": "Transitive",
        "resolved": "3.2.2",
        "contentHash": "srY8z/oMPvh/t8axtO2DwrHajhFMH7tnqKildvYrVQIfICi8fOn3yIBWkVPAcrKmHMwvXRJ/XsQM3VMR6DOYfQ==",
        "dependencies": {
          "xunit.v3.common": "[3.2.2]"
        }
      },
      "xunit.v3.runner.common": {
        "type": "Transitive",
        "resolved": "3.2.2",
        "contentHash": "/hkHkQCzGrugelOAehprm7RIWdsUFVmIVaD6jDH/8DNGCymTlKKPTbGokD5czbAfqfex47mBP0sb0zbHYwrO/g==",
        "dependencies": {
          "Microsoft.Win32.Registry": "[5.0.0]",
          "xunit.v3.common": "[3.2.2]"
        }
      },
      "xunit.v3.runner.inproc.console": {
        "type": "Transitive",
        "resolved": "3.2.2",
        "contentHash": "ulWOdSvCk+bPXijJZ73bth9NyoOHsAs1ZOvamYbCkD4DNLX/Bd29Ve2ZNUwBbK0MqfIYWXHZViy/HKrdEC/izw==",
        "dependencies": {
          "xunit.v3.extensibility.core": "[3.2.2]",
          "xunit.v3.runner.common": "[3.2.2]"
        }
      },
      "api": {
        "type": "Project",
        "dependencies": {
          "Asp.Versioning.Mvc.ApiExplorer": "[8.1.1, )",
          "Azure.Extensions.AspNetCore.Configuration.Secrets": "[1.5.0, )",
          "Azure.Identity": "[1.19.0, )",
          "Common": "[1.0.0, )",
          "DotNetEnv": "[3.1.1, )",
          "Microsoft.ApplicationInsights.AspNetCore": "[3.0.0, )",
          "Microsoft.AspNetCore.OpenApi": "[10.0.5, 11.0.0)",
          "Microsoft.Extensions.Logging.ApplicationInsights": "[2.23.0, )",
          "Scalar.AspNetCore": "[2.13.13, )",
          "Serilog": "[4.3.1, )",
          "Serilog.AspNetCore": "[10.0.0, )",
          "Serilog.Exceptions": "[8.4.0, )",
          "Serilog.Extensions.Hosting": "[10.0.0, )",
          "Serilog.Formatting.Compact": "[3.0.0, )",
          "Serilog.Settings.Configuration": "[10.0.0, )",
          "Serilog.Sinks.ApplicationInsights": "[5.0.0, )",
          "Serilog.Sinks.Async": "[2.1.0, )",
          "Serilog.Sinks.Console": "[6.1.1, )",
          "Services": "[1.0.0, )",
          "Swashbuckle.AspNetCore.SwaggerUI": "[10.1.6, )"
        }
      },
      "common": {
        "type": "Project"
      },
      "services": {
        "type": "Project",
        "dependencies": {
          "Common": "[1.0.0, )",
          "Microsoft.AspNetCore.WebUtilities": "[10.0.5, 11.0.0)",
          "Microsoft.Extensions.Http": "[10.0.5, 11.0.0)",
          "Microsoft.Extensions.Logging": "[10.0.5, 11.0.0)"
        }
      },
      "Microsoft.OpenApi": {
        "type": "CentralTransitive",
        "requested": "[2.7.1, 3.0.0)",
        "resolved": "2.7.1",
        "contentHash": "htA4FFHO9H/ix/tjj5K0vREMfm2LT3uo6NY6EiNpPusPQj6fRa+MJKFedEuFCfcEVvljNSFPkgeQnfWzfObrBA=="
      }
    }
  }
}