{
  "version": 2,
  "dependencies": {
    "net10.0": {
      "Microsoft.AspNetCore.Mvc.Testing": {
        "type": "Direct",
        "requested": "[10.0.0-preview.5.25277.114, )",
        "resolved": "10.0.0-preview.5.25277.114",
        "contentHash": "NWwxct2YPSPsd5FQNxbGox7uU5sBdDwXoZAOvn2+ahnRYnOuNN9bPOPJOLOBLuq950n8N04PhT9HQ062zMrYBQ==",
        "dependencies": {
          "Microsoft.AspNetCore.TestHost": "10.0.0-preview.5.25277.114",
          "Microsoft.Extensions.DependencyModel": "10.0.0-preview.5.25277.114",
          "Microsoft.Extensions.Hosting": "10.0.0-preview.5.25277.114"
        }
      },
      "Microsoft.NET.Test.Sdk": {
        "type": "Direct",
        "requested": "[17.14.1, )",
        "resolved": "17.14.1",
        "contentHash": "HJKqKOE+vshXra2aEHpi2TlxYX7Z9VFYkr+E5rwEvHC8eIXiyO+K9kNm8vmNom3e2rA56WqxU+/N9NJlLGXsJQ==",
        "dependencies": {
          "Microsoft.CodeCoverage": "17.14.1",
          "Microsoft.TestPlatform.TestHost": "17.14.1"
        }
      },
      "Microsoft.Testing.Extensions.CodeCoverage": {
        "type": "Direct",
        "requested": "[17.14.2, )",
        "resolved": "17.14.2",
        "contentHash": "lCz1/FMGM8yf4UZh+yJL6ETvH78e7/NblWbK2/Lb6z02iiOtExea3hBQKX+vrq6vBo2o6ZCiYceOGq0t07PLkQ==",
        "dependencies": {
          "Microsoft.DiaSymReader": "2.0.0",
          "Microsoft.Extensions.DependencyModel": "6.0.2",
          "Microsoft.Testing.Platform": "1.6.2"
        }
      },
      "Shouldly": {
        "type": "Direct",
        "requested": "[4.3.0, )",
        "resolved": "4.3.0",
        "contentHash": "sDetrWXrl6YXZ4HeLsdBoNk3uIa7K+V4uvIJ+cqdRa5DrFxeTED7VkjoxCuU1kJWpUuBDZz2QXFzSxBtVXLwRQ==",
        "dependencies": {
          "DiffEngine": "11.3.0",
          "EmptyFiles": "4.4.0"
        }
      },
      "SonarAnalyzer.CSharp": {
        "type": "Direct",
        "requested": "[10.11.0.117924, )",
        "resolved": "10.11.0.117924",
        "contentHash": "C7eK46HEeZCptfuR2kGjLnBzdzBjx1F1fb6Ga8DFOsPPaz1sw7LNWdGh42+Ch5NJW/Iq39xcDds4lvww7i4BGw=="
      },
      "xunit.runner.visualstudio": {
        "type": "Direct",
        "requested": "[3.1.1, )",
        "resolved": "3.1.1",
        "contentHash": "gNu2zhnuwjq5vQlU4S7yK/lfaKZDLmtcu+vTjnhfTlMAUYn+Hmgu8IIX0UCwWepYkk+Szx03DHx1bDnc9Fd+9w=="
      },
      "xunit.v3": {
        "type": "Direct",
        "requested": "[2.0.3, )",
        "resolved": "2.0.3",
        "contentHash": "Zx2r5xnUgyAIhI3cvfKaAr7Mj0Enn0zFhaMoTJ2hRYEPJlqlllUkTUvBBYalZQvpXGub/UQWq1nY5erD7Zv1cA==",
        "dependencies": {
          "xunit.analyzers": "1.22.0",
          "xunit.v3.assert": "[2.0.3]",
          "xunit.v3.core": "[2.0.3]"
        }
      },
      "APIWeaver.OpenApi": {
        "type": "Transitive",
        "resolved": "2.7.0",
        "contentHash": "XrHa+EXyUyQ1y01/XdyEFBQbaQCJH2gpycUcKWIIkQq17T0k0mJ6DYhsOgV1nNlSuq2+LvbeM3o7H+Xr846W3g==",
        "dependencies": {
          "Microsoft.AspNetCore.OpenApi": "9.0.0"
        }
      },
      "Asp.Versioning.Abstractions": {
        "type": "Transitive",
        "resolved": "8.1.0",
        "contentHash": "mpeNZyMdvrHztJwR1sXIUQ+3iioEU97YMBnFA9WLbsPOYhGwDJnqJMmEd8ny7kcmS9OjTHoEuX/bSXXY3brIFA==",
        "dependencies": {
          "Microsoft.Extensions.Primitives": "8.0.0"
        }
      },
      "Asp.Versioning.Http": {
        "type": "Transitive",
        "resolved": "8.1.0",
        "contentHash": "Xu4xF62Cu9JqYi/CTa2TiK5kyHoa4EluPynj/bPFWDmlTIPzuJQbBI5RgFYVRFHjFVvWMoA77acRaFu7i7Wzqg==",
        "dependencies": {
          "Asp.Versioning.Abstractions": "8.1.0"
        }
      },
      "Asp.Versioning.Mvc": {
        "type": "Transitive",
        "resolved": "8.1.0",
        "contentHash": "BMAJM2sGsTUw5FQ9upKQt6GFoldWksePgGpYjl56WSRvIuE3UxKZh0gAL+wDTIfLshUZm97VCVxlOGyrcjWz9Q==",
        "dependencies": {
          "Asp.Versioning.Http": "8.1.0"
        }
      },
      "Asp.Versioning.Mvc.ApiExplorer": {
        "type": "Transitive",
        "resolved": "8.1.0",
        "contentHash": "a90gW/4TF/14Bjiwg9LqNtdKGC4G3gu02+uynq3bCISfQm48km5chny4Yg5J4hixQPJUwwJJ9Do1G+jM8L9h3g==",
        "dependencies": {
          "Asp.Versioning.Mvc": "8.1.0"
        }
      },
      "Azure.Core": {
        "type": "Transitive",
        "resolved": "1.46.1",
        "contentHash": "iE5DPOlGsN5kCkF4gN+vasN1RihO0Ypie92oQ5tohQYiokmnrrhLnee+3zcE8n7vB6ZAzhPTfUGAEXX/qHGkYA==",
        "dependencies": {
          "Microsoft.Bcl.AsyncInterfaces": "8.0.0",
          "System.ClientModel": "1.4.1",
          "System.Memory.Data": "6.0.1"
        }
      },
      "Azure.Extensions.AspNetCore.Configuration.Secrets": {
        "type": "Transitive",
        "resolved": "1.4.0",
        "contentHash": "cy8kazCYnG/IUHQ9048UUmObgbPsqkQbcdrCAPxl1JA6ylLBV+v+8586bOWpuSF6GZaxpulLGFDBBm3PR5t1gA==",
        "dependencies": {
          "Azure.Core": "1.44.1",
          "Azure.Security.KeyVault.Secrets": "4.6.0",
          "Microsoft.Extensions.Configuration": "2.1.0"
        }
      },
      "Azure.Identity": {
        "type": "Transitive",
        "resolved": "1.14.0",
        "contentHash": "xQ6mpNhifb8W/KG2BclhbJWAupvE3JF8lPEBF8t59Q5sc1yN0Ci+dvS0qXtc6m9auxwYpmc8rhOmK541dcGwmA==",
        "dependencies": {
          "Azure.Core": "1.46.1",
          "Microsoft.Identity.Client": "4.71.1",
          "Microsoft.Identity.Client.Extensions.Msal": "4.71.1"
        }
      },
      "Azure.Security.KeyVault.Secrets": {
        "type": "Transitive",
        "resolved": "4.6.0",
        "contentHash": "vwPceoznuT6glvirZcXlaCQrh1uzTSxpZUi2hRFNumHiS3hVyqIXI5fgWiLtlBzwqPJMTr0flUoSvGKjXXQlfg==",
        "dependencies": {
          "Azure.Core": "1.37.0"
        }
      },
      "DiffEngine": {
        "type": "Transitive",
        "resolved": "11.3.0",
        "contentHash": "k0ZgZqd09jLZQjR8FyQbSQE86Q7QZnjEzq1LPHtj1R2AoWO8sjV5x+jlSisL7NZAbUOI4y+7Bog8gkr9WIRBGw==",
        "dependencies": {
          "EmptyFiles": "4.4.0",
          "System.Management": "6.0.1"
        }
      },
      "DotNetEnv": {
        "type": "Transitive",
        "resolved": "3.1.1",
        "contentHash": "o4SqUVCq0pqHF/HYsZk6k22XGIVmvsDVo+Dy7l0ubq9uQ45JkXswrMRJmYvhGLXWFYF0M5OupMonytB+0zvpGQ==",
        "dependencies": {
          "Microsoft.Extensions.Configuration": "1.1.2",
          "Microsoft.Extensions.Configuration.Abstractions": "1.1.2",
          "NETStandard.Library": "1.6.1",
          "Sprache": "2.3.1"
        }
      },
      "EmptyFiles": {
        "type": "Transitive",
        "resolved": "4.4.0",
        "contentHash": "gwJEfIGS7FhykvtZoscwXj/XwW+mJY6UbAZk+qtLKFUGWC95kfKXnj8VkxsZQnWBxJemM/q664rGLN5nf+OHZw=="
      },
      "Microsoft.ApplicationInsights": {
        "type": "Transitive",
        "resolved": "2.23.0",
        "contentHash": "nWArUZTdU7iqZLycLKWe0TDms48KKGE6pONH2terYNa8REXiqixrMOkf1sk5DHGMaUTqONU2YkS4SAXBhLStgw=="
      },
      "Microsoft.ApplicationInsights.AspNetCore": {
        "type": "Transitive",
        "resolved": "2.23.0",
        "contentHash": "we/RsIn0Mwf/4ZNGXZixJ0lVD3pqjx2yVeKfqJybgYY/Lib8nnf+8YGJp+ULN3kOk39I0pI/7ZnF9LFy6hS3lw==",
        "dependencies": {
          "Microsoft.ApplicationInsights": "2.23.0",
          "Microsoft.ApplicationInsights.DependencyCollector": "2.23.0",
          "Microsoft.ApplicationInsights.EventCounterCollector": "2.23.0",
          "Microsoft.ApplicationInsights.PerfCounterCollector": "2.23.0",
          "Microsoft.ApplicationInsights.WindowsServer": "2.23.0",
          "Microsoft.ApplicationInsights.WindowsServer.TelemetryChannel": "2.23.0",
          "Microsoft.AspNetCore.Hosting": "2.1.1",
          "Microsoft.AspNetCore.Http": "2.1.22",
          "Microsoft.Extensions.Configuration.Json": "3.1.0",
          "Microsoft.Extensions.Logging.ApplicationInsights": "2.23.0"
        }
      },
      "Microsoft.ApplicationInsights.DependencyCollector": {
        "type": "Transitive",
        "resolved": "2.23.0",
        "contentHash": "9YRdl9SNbTxd4AafJckyoJLr5gJdnvqFivjo+PY0lQTPEncPB+z3ZABG4iDfxN9HI1aLqyRINr1/7de9Wg8ZuQ==",
        "dependencies": {
          "Microsoft.ApplicationInsights": "2.23.0"
        }
      },
      "Microsoft.ApplicationInsights.EventCounterCollector": {
        "type": "Transitive",
        "resolved": "2.23.0",
        "contentHash": "gGt0JPw2dcSeIAIefyORJBdeMz8KgAFIktu8HV/NwkiGmLyw+YtifLm6B5gvGxO15AeMsGPbmvWEIvLfq88XPw==",
        "dependencies": {
          "Microsoft.ApplicationInsights": "2.23.0"
        }
      },
      "Microsoft.ApplicationInsights.PerfCounterCollector": {
        "type": "Transitive",
        "resolved": "2.23.0",
        "contentHash": "q9ApjZfBS9O8m3aQM2oVjsGBmlE8BCFywT7UR+8aqdNuz7HpoIxw4jHy0XOBergiFX/olrJF4OyPkGxc3H5JHg==",
        "dependencies": {
          "Microsoft.ApplicationInsights": "2.23.0",
          "Microsoft.Extensions.Caching.Memory": "1.0.0",
          "System.Diagnostics.PerformanceCounter": "6.0.0"
        }
      },
      "Microsoft.ApplicationInsights.WindowsServer": {
        "type": "Transitive",
        "resolved": "2.23.0",
        "contentHash": "2B8CGfnB/tribkQAqRBhMvJYJK5TkEPMG/BB0QrlxdwVGEufayNLMveXjkQCqld9arXd6wKR1ve2XmkA0+xXKQ==",
        "dependencies": {
          "Microsoft.ApplicationInsights": "2.23.0",
          "Microsoft.ApplicationInsights.DependencyCollector": "2.23.0",
          "Microsoft.ApplicationInsights.PerfCounterCollector": "2.23.0",
          "Microsoft.ApplicationInsights.WindowsServer.TelemetryChannel": "2.23.0"
        }
      },
      "Microsoft.ApplicationInsights.WindowsServer.TelemetryChannel": {
        "type": "Transitive",
        "resolved": "2.23.0",
        "contentHash": "798Dudr4tkujslk1w+XcXOcCErmVsk+nhp+QCHLa3lcgi25vkAxBmzPUeQlRJVCNL/1f4x/YF+vQZ8RSuTXWCw==",
        "dependencies": {
          "Microsoft.ApplicationInsights": "2.23.0",
          "System.IO.FileSystem.AccessControl": "4.7.0"
        }
      },
      "Microsoft.AspNetCore.Hosting": {
        "type": "Transitive",
        "resolved": "2.1.1",
        "contentHash": "MqYc0DUxrhAPnb5b4HFspxsoJT+gJlLsliSxIgovf4BsbmpaXQId0/pDiVzLuEbmks2w1/lRfY8w0lQOuK1jQQ==",
        "dependencies": {
          "Microsoft.AspNetCore.Hosting.Abstractions": "2.1.1",
          "Microsoft.AspNetCore.Http": "2.1.1",
          "Microsoft.AspNetCore.Http.Extensions": "2.1.1",
          "Microsoft.Extensions.Configuration": "2.1.1",
          "Microsoft.Extensions.Configuration.EnvironmentVariables": "2.1.1",
          "Microsoft.Extensions.Configuration.FileExtensions": "2.1.1",
          "Microsoft.Extensions.DependencyInjection": "2.1.1",
          "Microsoft.Extensions.FileProviders.Physical": "2.1.1",
          "Microsoft.Extensions.Hosting.Abstractions": "2.1.1",
          "Microsoft.Extensions.Logging": "2.1.1",
          "Microsoft.Extensions.Options": "2.1.1"
        }
      },
      "Microsoft.AspNetCore.Hosting.Abstractions": {
        "type": "Transitive",
        "resolved": "2.1.1",
        "contentHash": "76cKcp2pWhvdV2TXTqMg/DyW7N6cDzTEhtL8vVWFShQN+Ylwv3eO/vUQr2BS3Hz4IZHEpL+FOo2T+MtymHDqDQ==",
        "dependencies": {
          "Microsoft.AspNetCore.Hosting.Server.Abstractions": "2.1.1",
          "Microsoft.AspNetCore.Http.Abstractions": "2.1.1",
          "Microsoft.Extensions.Hosting.Abstractions": "2.1.1"
        }
      },
      "Microsoft.AspNetCore.Hosting.Server.Abstractions": {
        "type": "Transitive",
        "resolved": "2.1.1",
        "contentHash": "+vD7HJYzAXNq17t+NgRkpS38cxuAyOBu8ixruOiA3nWsybozolUdALWiZ5QFtGRzajSLPFA2YsbO3NPcqoUwcw==",
        "dependencies": {
          "Microsoft.AspNetCore.Http.Features": "2.1.1",
          "Microsoft.Extensions.Configuration.Abstractions": "2.1.1"
        }
      },
      "Microsoft.AspNetCore.Http": {
        "type": "Transitive",
        "resolved": "2.1.22",
        "contentHash": "+Blk++1JWqghbl8+3azQmKhiNZA5wAepL9dY2I6KVmu2Ri07MAcvAVC888qUvO7yd7xgRgZOMfihezKg14O/2A==",
        "dependencies": {
          "Microsoft.AspNetCore.Http.Abstractions": "2.1.1",
          "Microsoft.AspNetCore.WebUtilities": "2.1.1",
          "Microsoft.Extensions.ObjectPool": "2.1.1",
          "Microsoft.Extensions.Options": "2.1.1",
          "Microsoft.Net.Http.Headers": "2.1.1"
        }
      },
      "Microsoft.AspNetCore.Http.Abstractions": {
        "type": "Transitive",
        "resolved": "2.1.1",
        "contentHash": "kQUEVOU4loc8CPSb2WoHFTESqwIa8Ik7ysCBfTwzHAd0moWovc9JQLmhDIHlYLjHbyexqZAlkq/FPRUZqokebw==",
        "dependencies": {
          "Microsoft.AspNetCore.Http.Features": "2.1.1"
        }
      },
      "Microsoft.AspNetCore.Http.Extensions": {
        "type": "Transitive",
        "resolved": "2.1.1",
        "contentHash": "ncAgV+cqsWSqjLXFUTyObGh4Tr7ShYYs3uW8Q/YpRwZn7eLV7dux5Z6GLY+rsdzmIHiia3Q2NWbLULQi7aziHw==",
        "dependencies": {
          "Microsoft.AspNetCore.Http.Abstractions": "2.1.1",
          "Microsoft.Extensions.FileProviders.Abstractions": "2.1.1",
          "Microsoft.Net.Http.Headers": "2.1.1"
        }
      },
      "Microsoft.AspNetCore.Http.Features": {
        "type": "Transitive",
        "resolved": "2.1.1",
        "contentHash": "VklZ7hWgSvHBcDtwYYkdMdI/adlf7ebxTZ9kdzAhX+gUs5jSHE9mZlTamdgf9miSsxc1QjNazHXTDJdVPZKKTw==",
        "dependencies": {
          "Microsoft.Extensions.Primitives": "2.1.1"
        }
      },
      "Microsoft.AspNetCore.OpenApi": {
        "type": "Transitive",
        "resolved": "10.0.0-preview.5.25277.114",
        "contentHash": "8aSwz2+RXchH7sB/3plJxONUKoT5rwTEWdhKq5aZoFQvT+wkNye/IDnIBiuzpaXaEBefhi/hp0eR94b96mhZhA==",
        "dependencies": {
          "Microsoft.OpenApi": "2.0.0-preview.18"
        }
      },
      "Microsoft.AspNetCore.TestHost": {
        "type": "Transitive",
        "resolved": "10.0.0-preview.5.25277.114",
        "contentHash": "eSSJvOHK2y1+6TJl4BzJha7m7hhAB8gI17Dnu/x19exdb8khkRa4ZwLI8SN4QmyEsMRoZP5ncL7DptxY3CZa0Q=="
      },
      "Microsoft.AspNetCore.WebUtilities": {
        "type": "Transitive",
        "resolved": "10.0.0-preview.5.25277.114",
        "contentHash": "pduKh2tfowPvkEXiiK4gKezZCfvOpdy41H6g7G9ip2SJoW/+hBk6K8fyaSY8BVk2TbtCy+we2carjXqsVfMdFg==",
        "dependencies": {
          "Microsoft.Net.Http.Headers": "10.0.0-preview.5.25277.114"
        }
      },
      "Microsoft.Bcl.AsyncInterfaces": {
        "type": "Transitive",
        "resolved": "8.0.0",
        "contentHash": "3WA9q9yVqJp222P3x1wYIGDAkpjAku0TMUaaQV22g6L67AI0LdOIrVS7Ht2vJfLHGSPVuqN94vIr15qn+HEkHw=="
      },
      "Microsoft.CodeCoverage": {
        "type": "Transitive",
        "resolved": "17.14.1",
        "contentHash": "pmTrhfFIoplzFVbhVwUquT+77CbGH+h4/3mBpdmIlYtBi9nAB+kKI6dN3A/nV4DFi3wLLx/BlHIPK+MkbQ6Tpg=="
      },
      "Microsoft.DiaSymReader": {
        "type": "Transitive",
        "resolved": "2.0.0",
        "contentHash": "QcZrCETsBJqy/vQpFtJc+jSXQ0K5sucQ6NUFbTNVHD4vfZZOwjZ/3sBzczkC4DityhD3AVO/+K/+9ioLs1AgRA=="
      },
      "Microsoft.Extensions.Caching.Abstractions": {
        "type": "Transitive",
        "resolved": "1.0.0",
        "contentHash": "IxlFDVOchL6tdR05bk7EiJvMtvZrVkZXBhkbXqc3GxOHOrHFGcN+92WoWFPeBpdpy8ot/Px5ZdXzt7k+2n1Bdg==",
        "dependencies": {
          "Microsoft.Extensions.Primitives": "1.0.0"
        }
      },
      "Microsoft.Extensions.Caching.Memory": {
        "type": "Transitive",
        "resolved": "1.0.0",
        "contentHash": "6+7zTufCnZ+tfrUo7RbIRR3LB0BxwOwxfXuo0IbLyIvgoToGpWuz5wYEDfCYNOvpig9tY8FA0I1uRHYmITMXMQ==",
        "dependencies": {
          "Microsoft.Extensions.Caching.Abstractions": "1.0.0",
          "Microsoft.Extensions.DependencyInjection.Abstractions": "1.0.0",
          "Microsoft.Extensions.Options": "1.0.0"
        }
      },
      "Microsoft.Extensions.Configuration": {
        "type": "Transitive",
        "resolved": "10.0.0-preview.5.25277.114",
        "contentHash": "wYa8Nt9b9resDOMFn2zr2aPLzF4NsJfhL3B4MRaUoR7+ZcVh+Pv8KEq3i9WI8rCKvpslHF3i4jV4e1HZqHC/aw==",
        "dependencies": {
          "Microsoft.Extensions.Configuration.Abstractions": "10.0.0-preview.5.25277.114",
          "Microsoft.Extensions.Primitives": "10.0.0-preview.5.25277.114"
        }
      },
      "Microsoft.Extensions.Configuration.Abstractions": {
        "type": "Transitive",
        "resolved": "10.0.0-preview.5.25277.114",
        "contentHash": "4DyEA5PDBHlHgTURPUI8IkkVgdKEDCLcz9/7V9bexbp0PKT9G8bynhi+hJsmA431ituTiRPg/xY560WXvylcTQ==",
        "dependencies": {
          "Microsoft.Extensions.Primitives": "10.0.0-preview.5.25277.114"
        }
      },
      "Microsoft.Extensions.Configuration.Binder": {
        "type": "Transitive",
        "resolved": "10.0.0-preview.5.25277.114",
        "contentHash": "f9wWrb7mPdK1IZSEQkFYzR7i+LRVdIxJnHmQXSCS6Rh5OKP/AxugY2AFaRElkZ6gPvUI0kWnSArrVDTxU+nYzw==",
        "dependencies": {
          "Microsoft.Extensions.Configuration.Abstractions": "10.0.0-preview.5.25277.114"
        }
      },
      "Microsoft.Extensions.Configuration.CommandLine": {
        "type": "Transitive",
        "resolved": "10.0.0-preview.5.25277.114",
        "contentHash": "SvoCFwm+yqBvRHJnLy/JMSnCUwsJg762x0UfjfIO1LciRxcwd+w141kOQIgtDlDAiBHyhElt0LOr+dCKIAy8JQ==",
        "dependencies": {
          "Microsoft.Extensions.Configuration": "10.0.0-preview.5.25277.114",
          "Microsoft.Extensions.Configuration.Abstractions": "10.0.0-preview.5.25277.114"
        }
      },
      "Microsoft.Extensions.Configuration.EnvironmentVariables": {
        "type": "Transitive",
        "resolved": "10.0.0-preview.5.25277.114",
        "contentHash": "YkmoPqgVx9eOH81f2Vy4/ksHDOiVethSNy82S7mmkIvdhVnoSh0Gy69QCtMF6l/I5bLAZFTHg8//Pf5/w/PQyA==",
        "dependencies": {
          "Microsoft.Extensions.Configuration": "10.0.0-preview.5.25277.114",
          "Microsoft.Extensions.Configuration.Abstractions": "10.0.0-preview.5.25277.114"
        }
      },
      "Microsoft.Extensions.Configuration.FileExtensions": {
        "type": "Transitive",
        "resolved": "10.0.0-preview.5.25277.114",
        "contentHash": "rU0O6yBAsWfrkz7NdrZTzhyENrWbXJhEcg0Lqg2/EQj+HjbOvx1+mhD2zMpUwnKs/zPQNr8E5bi6fxPHT41pwA==",
        "dependencies": {
          "Microsoft.Extensions.Configuration": "10.0.0-preview.5.25277.114",
          "Microsoft.Extensions.Configuration.Abstractions": "10.0.0-preview.5.25277.114",
          "Microsoft.Extensions.FileProviders.Abstractions": "10.0.0-preview.5.25277.114",
          "Microsoft.Extensions.FileProviders.Physical": "10.0.0-preview.5.25277.114",
          "Microsoft.Extensions.Primitives": "10.0.0-preview.5.25277.114"
        }
      },
      "Microsoft.Extensions.Configuration.Json": {
        "type": "Transitive",
        "resolved": "10.0.0-preview.5.25277.114",
        "contentHash": "/hHgJ1vPZYMS8ogxncfMBMX+bKOxHEpTQh73v0t1yaqUTPehPaPcPb0WhlReRDgsg84raZff204e1LNljjJ97w==",
        "dependencies": {
          "Microsoft.Extensions.Configuration": "10.0.0-preview.5.25277.114",
          "Microsoft.Extensions.Configuration.Abstractions": "10.0.0-preview.5.25277.114",
          "Microsoft.Extensions.Configuration.FileExtensions": "10.0.0-preview.5.25277.114",
          "Microsoft.Extensions.FileProviders.Abstractions": "10.0.0-preview.5.25277.114"
        }
      },
      "Microsoft.Extensions.Configuration.UserSecrets": {
        "type": "Transitive",
        "resolved": "10.0.0-preview.5.25277.114",
        "contentHash": "49uUJPxZAcBUYRYZwVdD4olMnP9ZKpXI3lwRoycBOTRGsxQ2WPRecMthku7Y9pAjyu2YGYgBbbdxWMB2G+ecSA==",
        "dependencies": {
          "Microsoft.Extensions.Configuration.Abstractions": "10.0.0-preview.5.25277.114",
          "Microsoft.Extensions.Configuration.Json": "10.0.0-preview.5.25277.114",
          "Microsoft.Extensions.FileProviders.Abstractions": "10.0.0-preview.5.25277.114",
          "Microsoft.Extensions.FileProviders.Physical": "10.0.0-preview.5.25277.114"
        }
      },
      "Microsoft.Extensions.DependencyInjection": {
        "type": "Transitive",
        "resolved": "10.0.0-preview.5.25277.114",
        "contentHash": "DpNwgRfOKVZ9XNmVUgtJog+IUSdePq+YfSNtLbgoID82elpicMJYDufDK9aMAOpZ+piTkdr1lyonQ7tDF4qDiA==",
        "dependencies": {
          "Microsoft.Extensions.DependencyInjection.Abstractions": "10.0.0-preview.5.25277.114"
        }
      },
      "Microsoft.Extensions.DependencyInjection.Abstractions": {
        "type": "Transitive",
        "resolved": "10.0.0-preview.5.25277.114",
        "contentHash": "t0CbrAKI3cL+s2wV6UMf1Wg2wPPZ/ABO2Zi+HALJrd4vSQtskzz4rU+jr0ZKfVSnpj1QuYigj2pIWtQAbqPuLQ=="
      },
      "Microsoft.Extensions.DependencyModel": {
        "type": "Transitive",
        "resolved": "10.0.0-preview.5.25277.114",
        "contentHash": "Vxw2Kl6Xd2gQnMX9Tm8cMcnAW/JxXb5pLsrxF25BS06QYYqdqw+4TuSER8Ga3Et8ZsXY8FepzllyvLdq86UWxw=="
      },
      "Microsoft.Extensions.Diagnostics": {
        "type": "Transitive",
        "resolved": "10.0.0-preview.5.25277.114",
        "contentHash": "OfC2EIjgbWKpfoxOLja3ulfvv6JGIQ+qFM2MCNAgVGZwi/nIXy0tf7pOpqCpvYIzi9YlsvI+mdU0eIbj9fBTxA==",
        "dependencies": {
          "Microsoft.Extensions.Configuration": "10.0.0-preview.5.25277.114",
          "Microsoft.Extensions.Diagnostics.Abstractions": "10.0.0-preview.5.25277.114",
          "Microsoft.Extensions.Options.ConfigurationExtensions": "10.0.0-preview.5.25277.114"
        }
      },
      "Microsoft.Extensions.Diagnostics.Abstractions": {
        "type": "Transitive",
        "resolved": "10.0.0-preview.5.25277.114",
        "contentHash": "GQiI7yO4IzK3mOxIxl98AGRqqr0RmuDoC3vi+cmJLsj8YqK8Gq2Tcb28ZfUc2/S90dfFto64Ol48Hc+sUQre6g==",
        "dependencies": {
          "Microsoft.Extensions.DependencyInjection.Abstractions": "10.0.0-preview.5.25277.114",
          "Microsoft.Extensions.Options": "10.0.0-preview.5.25277.114"
        }
      },
      "Microsoft.Extensions.FileProviders.Abstractions": {
        "type": "Transitive",
        "resolved": "10.0.0-preview.5.25277.114",
        "contentHash": "iU4ed05wyiQkgc4S7NMaBwcoyxB4XKFPdR3CB4GPIk0ZYfvS+TUtG/Xea8+yS3tdkGaCKW8oZfju/dm5n/uJkQ==",
        "dependencies": {
          "Microsoft.Extensions.Primitives": "10.0.0-preview.5.25277.114"
        }
      },
      "Microsoft.Extensions.FileProviders.Physical": {
        "type": "Transitive",
        "resolved": "10.0.0-preview.5.25277.114",
        "contentHash": "ACO/b27o1zgz1k1SODgKZhxmFI6rrrI1KvH8ssHTpvBvsc1f/SIivs/xbXLvTlpr2SvwjhsJuRDgA4pZSbOYvg==",
        "dependencies": {
          "Microsoft.Extensions.FileProviders.Abstractions": "10.0.0-preview.5.25277.114",
          "Microsoft.Extensions.FileSystemGlobbing": "10.0.0-preview.5.25277.114",
          "Microsoft.Extensions.Primitives": "10.0.0-preview.5.25277.114"
        }
      },
      "Microsoft.Extensions.FileSystemGlobbing": {
        "type": "Transitive",
        "resolved": "10.0.0-preview.5.25277.114",
        "contentHash": "IZeLxORKBkG1Qun3Zw1+vW2K/+dC4UIjiPHfm1/xMMAxDPDO0AXaT4mfTY18+pa243bsAvYYNDQ44QPtxPDkEA=="
      },
      "Microsoft.Extensions.Hosting": {
        "type": "Transitive",
        "resolved": "10.0.0-preview.5.25277.114",
        "contentHash": "yyvRTegMQxEm5HgmBHpyKiGZEeWF7ZKG4wsfFmeVU9UdJDyIhhNc4sSCWqSZES3SNma6nbU1cW5PeWbwRpHM5Q==",
        "dependencies": {
          "Microsoft.Extensions.Configuration": "10.0.0-preview.5.25277.114",
          "Microsoft.Extensions.Configuration.Abstractions": "10.0.0-preview.5.25277.114",
          "Microsoft.Extensions.Configuration.Binder": "10.0.0-preview.5.25277.114",
          "Microsoft.Extensions.Configuration.CommandLine": "10.0.0-preview.5.25277.114",
          "Microsoft.Extensions.Configuration.EnvironmentVariables": "10.0.0-preview.5.25277.114",
          "Microsoft.Extensions.Configuration.FileExtensions": "10.0.0-preview.5.25277.114",
          "Microsoft.Extensions.Configuration.Json": "10.0.0-preview.5.25277.114",
          "Microsoft.Extensions.Configuration.UserSecrets": "10.0.0-preview.5.25277.114",
          "Microsoft.Extensions.DependencyInjection": "10.0.0-preview.5.25277.114",
          "Microsoft.Extensions.DependencyInjection.Abstractions": "10.0.0-preview.5.25277.114",
          "Microsoft.Extensions.Diagnostics": "10.0.0-preview.5.25277.114",
          "Microsoft.Extensions.FileProviders.Abstractions": "10.0.0-preview.5.25277.114",
          "Microsoft.Extensions.FileProviders.Physical": "10.0.0-preview.5.25277.114",
          "Microsoft.Extensions.Hosting.Abstractions": "10.0.0-preview.5.25277.114",
          "Microsoft.Extensions.Logging": "10.0.0-preview.5.25277.114",
          "Microsoft.Extensions.Logging.Abstractions": "10.0.0-preview.5.25277.114",
          "Microsoft.Extensions.Logging.Configuration": "10.0.0-preview.5.25277.114",
          "Microsoft.Extensions.Logging.Console": "10.0.0-preview.5.25277.114",
          "Microsoft.Extensions.Logging.Debug": "10.0.0-preview.5.25277.114",
          "Microsoft.Extensions.Logging.EventLog": "10.0.0-preview.5.25277.114",
          "Microsoft.Extensions.Logging.EventSource": "10.0.0-preview.5.25277.114",
          "Microsoft.Extensions.Options": "10.0.0-preview.5.25277.114"
        }
      },
      "Microsoft.Extensions.Hosting.Abstractions": {
        "type": "Transitive",
        "resolved": "10.0.0-preview.5.25277.114",
        "contentHash": "NgdrJ+dUyw31dvd8snAGBRKD8GwwI6WRURCCA1NvdOmK/nY842J86YxP/RY/lnFrpLbGEEuQXm9yMfmfBccEFg==",
        "dependencies": {
          "Microsoft.Extensions.Configuration.Abstractions": "10.0.0-preview.5.25277.114",
          "Microsoft.Extensions.DependencyInjection.Abstractions": "10.0.0-preview.5.25277.114",
          "Microsoft.Extensions.Diagnostics.Abstractions": "10.0.0-preview.5.25277.114",
          "Microsoft.Extensions.FileProviders.Abstractions": "10.0.0-preview.5.25277.114",
          "Microsoft.Extensions.Logging.Abstractions": "10.0.0-preview.5.25277.114"
        }
      },
      "Microsoft.Extensions.Http": {
        "type": "Transitive",
        "resolved": "10.0.0-preview.5.25277.114",
        "contentHash": "qRQ7fXxUWnOFUogbt60qYXLScGz8Lsk0naVrTWCfoZLIfe5iyedStr/pLHG3f4bbKCrGhdk5Oo8KclBXDNElOw==",
        "dependencies": {
          "Microsoft.Extensions.Configuration.Abstractions": "10.0.0-preview.5.25277.114",
          "Microsoft.Extensions.DependencyInjection.Abstractions": "10.0.0-preview.5.25277.114",
          "Microsoft.Extensions.Diagnostics": "10.0.0-preview.5.25277.114",
          "Microsoft.Extensions.Logging": "10.0.0-preview.5.25277.114",
          "Microsoft.Extensions.Logging.Abstractions": "10.0.0-preview.5.25277.114",
          "Microsoft.Extensions.Options": "10.0.0-preview.5.25277.114"
        }
      },
      "Microsoft.Extensions.Logging": {
        "type": "Transitive",
        "resolved": "10.0.0-preview.5.25277.114",
        "contentHash": "iGH9mizSDtlcMa5/t7BHS3oGFUu/Oc85AxUmvTTNFZ10EzXfkSy5l6WJWlKokVel+NNbdn8S9FTPNgiCijjIkg==",
        "dependencies": {
          "Microsoft.Extensions.DependencyInjection": "10.0.0-preview.5.25277.114",
          "Microsoft.Extensions.Logging.Abstractions": "10.0.0-preview.5.25277.114",
          "Microsoft.Extensions.Options": "10.0.0-preview.5.25277.114"
        }
      },
      "Microsoft.Extensions.Logging.Abstractions": {
        "type": "Transitive",
        "resolved": "10.0.0-preview.5.25277.114",
        "contentHash": "NcC1ZCcg4DPiej9GBqGEcC3mVjRl1QLlHJGzOHUEZkywkzMoHy5xjiIObpZNcy7XKbl1DYzyuqudDz04QdYIDw==",
        "dependencies": {
          "Microsoft.Extensions.DependencyInjection.Abstractions": "10.0.0-preview.5.25277.114"
        }
      },
      "Microsoft.Extensions.Logging.ApplicationInsights": {
        "type": "Transitive",
        "resolved": "2.23.0",
        "contentHash": "JLEabPz445i1yRB0hKZVzJJE35QatRIzWlrMOiBQXr9kBJod0jkpkrBf94ln6kXu+jlEGohnXtuXacPPhybJDw==",
        "dependencies": {
          "Microsoft.ApplicationInsights": "2.23.0",
          "Microsoft.Extensions.Logging": "2.1.1"
        }
      },
      "Microsoft.Extensions.Logging.Configuration": {
        "type": "Transitive",
        "resolved": "10.0.0-preview.5.25277.114",
        "contentHash": "hqWTkzy5n4ZhgbfwdaM7JrJQaq81M4dDyyjLDBNEgjIcFqHWt5bQYE2xzVucM9fFE6iudnT1rAx633VRtkIscA==",
        "dependencies": {
          "Microsoft.Extensions.Configuration": "10.0.0-preview.5.25277.114",
          "Microsoft.Extensions.Configuration.Abstractions": "10.0.0-preview.5.25277.114",
          "Microsoft.Extensions.Configuration.Binder": "10.0.0-preview.5.25277.114",
          "Microsoft.Extensions.DependencyInjection.Abstractions": "10.0.0-preview.5.25277.114",
          "Microsoft.Extensions.Logging": "10.0.0-preview.5.25277.114",
          "Microsoft.Extensions.Logging.Abstractions": "10.0.0-preview.5.25277.114",
          "Microsoft.Extensions.Options": "10.0.0-preview.5.25277.114",
          "Microsoft.Extensions.Options.ConfigurationExtensions": "10.0.0-preview.5.25277.114"
        }
      },
      "Microsoft.Extensions.Logging.Console": {
        "type": "Transitive",
        "resolved": "10.0.0-preview.5.25277.114",
        "contentHash": "KCdzd1JeUmiW8ESOtYY3gfgoERnVCFCCDErGJcgSu+rpYi5nIgSuvPPSgx1VSryRTzURLSLgsEBCr+/7slzVvw==",
        "dependencies": {
          "Microsoft.Extensions.DependencyInjection.Abstractions": "10.0.0-preview.5.25277.114",
          "Microsoft.Extensions.Logging": "10.0.0-preview.5.25277.114",
          "Microsoft.Extensions.Logging.Abstractions": "10.0.0-preview.5.25277.114",
          "Microsoft.Extensions.Logging.Configuration": "10.0.0-preview.5.25277.114",
          "Microsoft.Extensions.Options": "10.0.0-preview.5.25277.114"
        }
      },
      "Microsoft.Extensions.Logging.Debug": {
        "type": "Transitive",
        "resolved": "10.0.0-preview.5.25277.114",
        "contentHash": "nMFqnJcFkorH+umXiiQxuYOok9yhGIbn8hNWtESuNGx+28oZHDtQbqc7xw5p8w1rz+Lo3lDlMHRu93MetVnOnw==",
        "dependencies": {
          "Microsoft.Extensions.DependencyInjection.Abstractions": "10.0.0-preview.5.25277.114",
          "Microsoft.Extensions.Logging": "10.0.0-preview.5.25277.114",
          "Microsoft.Extensions.Logging.Abstractions": "10.0.0-preview.5.25277.114"
        }
      },
      "Microsoft.Extensions.Logging.EventLog": {
        "type": "Transitive",
        "resolved": "10.0.0-preview.5.25277.114",
        "contentHash": "GG1/jAgjOOZ11ByUyHszAKeqLnRE3sSXb6p8lebVj9UIso3oqZSlSFWJT3rCLLShOoPnW5b3QJlSbXfbVjSzPw==",
        "dependencies": {
          "Microsoft.Extensions.DependencyInjection.Abstractions": "10.0.0-preview.5.25277.114",
          "Microsoft.Extensions.Logging": "10.0.0-preview.5.25277.114",
          "Microsoft.Extensions.Logging.Abstractions": "10.0.0-preview.5.25277.114",
          "Microsoft.Extensions.Options": "10.0.0-preview.5.25277.114",
          "System.Diagnostics.EventLog": "10.0.0-preview.5.25277.114"
        }
      },
      "Microsoft.Extensions.Logging.EventSource": {
        "type": "Transitive",
        "resolved": "10.0.0-preview.5.25277.114",
        "contentHash": "K252dRMPqdMfY37va3K1H4mLVdwoA3Rxp6kJwaE6+rw9YmHZBqfJFUIQX2NyqSCfM8XkR8u35tWFjQU368bTCA==",
        "dependencies": {
          "Microsoft.Extensions.DependencyInjection.Abstractions": "10.0.0-preview.5.25277.114",
          "Microsoft.Extensions.Logging": "10.0.0-preview.5.25277.114",
          "Microsoft.Extensions.Logging.Abstractions": "10.0.0-preview.5.25277.114",
          "Microsoft.Extensions.Options": "10.0.0-preview.5.25277.114",
          "Microsoft.Extensions.Primitives": "10.0.0-preview.5.25277.114"
        }
      },
      "Microsoft.Extensions.ObjectPool": {
        "type": "Transitive",
        "resolved": "2.1.1",
        "contentHash": "SErON45qh4ogDp6lr6UvVmFYW0FERihW+IQ+2JyFv1PUyWktcJytFaWH5zarufJvZwhci7Rf1IyGXr9pVEadTw=="
      },
      "Microsoft.Extensions.Options": {
        "type": "Transitive",
        "resolved": "10.0.0-preview.5.25277.114",
        "contentHash": "IzAXVHABOW+ZzRIcfFdatr2yFUg3DgafeTOQosub704cUPDlOSW3iI+yuRLxbqE2Jxx0DMGUDLOP4HoeFXBA0g==",
        "dependencies": {
          "Microsoft.Extensions.DependencyInjection.Abstractions": "10.0.0-preview.5.25277.114",
          "Microsoft.Extensions.Primitives": "10.0.0-preview.5.25277.114"
        }
      },
      "Microsoft.Extensions.Options.ConfigurationExtensions": {
        "type": "Transitive",
        "resolved": "10.0.0-preview.5.25277.114",
        "contentHash": "0iSn4A90cEhnnPqwbV2ARR3EXYnluACYFDVmGY5b/vb1blHIQ7uA9h7tT2Iw1MhgP/oS4wBypcCMO8tKy/YOrQ==",
        "dependencies": {
          "Microsoft.Extensions.Configuration.Abstractions": "10.0.0-preview.5.25277.114",
          "Microsoft.Extensions.Configuration.Binder": "10.0.0-preview.5.25277.114",
          "Microsoft.Extensions.DependencyInjection.Abstractions": "10.0.0-preview.5.25277.114",
          "Microsoft.Extensions.Options": "10.0.0-preview.5.25277.114",
          "Microsoft.Extensions.Primitives": "10.0.0-preview.5.25277.114"
        }
      },
      "Microsoft.Extensions.Primitives": {
        "type": "Transitive",
        "resolved": "10.0.0-preview.5.25277.114",
        "contentHash": "CAUfd41c6W6P1B90rJSf5dyJBJSwSIbRexJ2W+h0MASF/4dDKlUn33gPeS6DYeOsL4d/RebiIdBoVdOTBdMCcQ=="
      },
      "Microsoft.Identity.Client": {
        "type": "Transitive",
        "resolved": "4.71.1",
        "contentHash": "SgvSBcMRvmEEyV10pcvxNVUbwYoShmj/9pxXFVr3AFjE26IUzuwYLtLgt58xkEnT0xJBjfObaXxcol3BMtmEAg==",
        "dependencies": {
          "Microsoft.IdentityModel.Abstractions": "6.35.0"
        }
      },
      "Microsoft.Identity.Client.Extensions.Msal": {
        "type": "Transitive",
        "resolved": "4.71.1",
        "contentHash": "PGOHaoQhKBKnXy1kfW+Gu9/rxStKsqR+UZKeVv4XAsATdzmfj9y9kkUOftIjVFvxP3oh2Sk7v65ylS0K/qYADA==",
        "dependencies": {
          "Microsoft.Identity.Client": "4.71.1",
          "System.Security.Cryptography.ProtectedData": "4.5.0"
        }
      },
      "Microsoft.IdentityModel.Abstractions": {
        "type": "Transitive",
        "resolved": "6.35.0",
        "contentHash": "xuR8E4Rd96M41CnUSCiOJ2DBh+z+zQSmyrYHdYhD6K4fXBcQGVnRCFQ0efROUYpP+p0zC1BLKr0JRpVuujTZSg=="
      },
      "Microsoft.Net.Http.Headers": {
        "type": "Transitive",
        "resolved": "10.0.0-preview.5.25277.114",
        "contentHash": "IuvLPwyD/TJtJlxwjWf/7mi9fghs9zxcmzlEQHz6oYfIoambnxRa9Q0nkzASD6Nz98jmlFKGw+IMjfMvkQ3M0g==",
        "dependencies": {
          "Microsoft.Extensions.Primitives": "10.0.0-preview.5.25277.114"
        }
      },
      "Microsoft.NETCore.Platforms": {
        "type": "Transitive",
        "resolved": "1.1.0",
        "contentHash": "kz0PEW2lhqygehI/d6XsPCQzD7ff7gUJaVGPVETX611eadGsA3A877GdSlU0LRVMCTH/+P3o2iDTak+S08V2+A=="
      },
      "Microsoft.OpenApi": {
        "type": "Transitive",
        "resolved": "2.0.0-preview.18",
        "contentHash": "QhgWviPuAciE8MVp8gFFyNjjSfrfF4NSLFHcLW/lpfJ9DkOdc8RdNAhe7XYHQebDA3s6jw+pdkH4WBDUUYjvlA=="
      },
      "Microsoft.Testing.Extensions.TrxReport.Abstractions": {
        "type": "Transitive",
        "resolved": "1.6.3",
        "contentHash": "0MdowM+3IDVWE5VBzVe9NvxsE4caSbM3fO+jlWVzEBr/Vnc3BWx+uV/Ex0dLLpkxkeUKH2gGWTNLb39rw3DDqw==",
        "dependencies": {
          "Microsoft.Testing.Platform": "1.6.3"
        }
      },
      "Microsoft.Testing.Platform": {
        "type": "Transitive",
        "resolved": "1.6.3",
        "contentHash": "DqMZukaPo+vKzColfqd1I5qZebfISZT6ND70AOem/dYQmHsaMN0xg/JG7E0e80rwfxL7wAA4ylSg8j6KJf1Tuw=="
      },
      "Microsoft.Testing.Platform.MSBuild": {
        "type": "Transitive",
        "resolved": "1.6.3",
        "contentHash": "PXSYI5Iae29GM5636zOL8PlQD1YyOa9cfzfYLR43hrLjjK7RDJgMTvgAet3oZLgDTvz6pbzABZvhx+S/W5m8YA==",
        "dependencies": {
          "Microsoft.Testing.Platform": "1.6.3"
        }
      },
      "Microsoft.TestPlatform.ObjectModel": {
        "type": "Transitive",
        "resolved": "17.14.1",
        "contentHash": "xTP1W6Mi6SWmuxd3a+jj9G9UoC850WGwZUps1Wah9r1ZxgXhdJfj1QqDLJkFjHDCvN42qDL2Ps5KjQYWUU0zcQ=="
      },
      "Microsoft.TestPlatform.TestHost": {
        "type": "Transitive",
        "resolved": "17.14.1",
        "contentHash": "d78LPzGKkJwsJXAQwsbJJ7LE7D1wB+rAyhHHAaODF+RDSQ0NgMjDFkSA1Djw18VrxO76GlKAjRUhl+H8NL8Z+Q==",
        "dependencies": {
          "Microsoft.TestPlatform.ObjectModel": "17.14.1",
          "Newtonsoft.Json": "13.0.3"
        }
      },
      "Microsoft.Win32.SystemEvents": {
        "type": "Transitive",
        "resolved": "6.0.0",
        "contentHash": "hqTM5628jSsQiv+HGpiq3WKBl2c8v1KZfby2J6Pr7pEPlK9waPdgEO6b8A/+/xn/yZ9ulv8HuqK71ONy2tg67A=="
      },
      "NETStandard.Library": {
        "type": "Transitive",
        "resolved": "1.6.1",
        "contentHash": "WcSp3+vP+yHNgS8EV5J7pZ9IRpeDuARBPN28by8zqff1wJQXm26PVU8L3/fYLBJVU7BtDyqNVWq2KlCVvSSR4A==",
        "dependencies": {
          "Microsoft.NETCore.Platforms": "1.1.0"
        }
      },
      "Newtonsoft.Json": {
        "type": "Transitive",
        "resolved": "13.0.3",
        "contentHash": "HrC5BXdl00IP9zeV+0Z848QWPAoCr9P3bDEZguI+gkLcBKAOxix/tLEAAHC+UvDNPv4a2d18lOReHMOagPa+zQ=="
      },
      "Scalar.AspNetCore": {
        "type": "Transitive",
        "resolved": "2.4.16",
        "contentHash": "8CcEuocl5/CpNs/mVf6OkzdNIVg7NzKdpZDqQZknJU7UI9Pklt7WeRl4p7/+blnI/RNM6mGFlzIFQUQ4j80FcA=="
      },
      "Serilog": {
        "type": "Transitive",
        "resolved": "4.3.0",
        "contentHash": "+cDryFR0GRhsGOnZSKwaDzRRl4MupvJ42FhCE4zhQRVanX0Jpg6WuCBk59OVhVDPmab1bB+nRykAnykYELA9qQ=="
      },
      "Serilog.Extensions.Hosting": {
        "type": "Transitive",
        "resolved": "9.0.0",
        "contentHash": "u2TRxuxbjvTAldQn7uaAwePkWxTHIqlgjelekBtilAGL5sYyF3+65NWctN4UrwwGLsDC7c3Vz3HnOlu+PcoxXg==",
        "dependencies": {
          "Microsoft.Extensions.DependencyInjection.Abstractions": "9.0.0",
          "Microsoft.Extensions.Hosting.Abstractions": "9.0.0",
          "Microsoft.Extensions.Logging.Abstractions": "9.0.0",
          "Serilog": "4.2.0",
          "Serilog.Extensions.Logging": "9.0.0"
        }
      },
      "Serilog.Extensions.Logging": {
        "type": "Transitive",
        "resolved": "9.0.0",
        "contentHash": "NwSSYqPJeKNzl5AuXVHpGbr6PkZJFlNa14CdIebVjK3k/76kYj/mz5kiTRNVSsSaxM8kAIa1kpy/qyT9E4npRQ==",
        "dependencies": {
          "Microsoft.Extensions.Logging": "9.0.0",
          "Serilog": "4.2.0"
        }
      },
      "Serilog.Settings.Configuration": {
        "type": "Transitive",
        "resolved": "9.0.0",
        "contentHash": "4/Et4Cqwa+F88l5SeFeNZ4c4Z6dEAIKbu3MaQb2Zz9F/g27T5a3wvfMcmCOaAiACjfUb4A6wrlTVfyYUZk3RRQ==",
        "dependencies": {
          "Microsoft.Extensions.Configuration.Binder": "9.0.0",
          "Microsoft.Extensions.DependencyModel": "9.0.0",
          "Serilog": "4.2.0"
        }
      },
      "Serilog.Sinks.ApplicationInsights": {
        "type": "Transitive",
        "resolved": "4.0.0",
        "contentHash": "AlYq1JFqh+RFKwLKZ3X224Zbe1gnkMbqSELp2FApLN0iMyRPdwwxMJBCCrk49C8qOefBd4zN+J/1Tq3i75DunA==",
        "dependencies": {
          "Microsoft.ApplicationInsights": "2.20.0",
          "Serilog": "2.11.0"
        }
      },
      "Serilog.Sinks.Console": {
        "type": "Transitive",
        "resolved": "6.0.0",
        "contentHash": "fQGWqVMClCP2yEyTXPIinSr5c+CBGUvBybPxjAGcf7ctDhadFhrQw03Mv8rJ07/wR5PDfFjewf2LimvXCDzpbA==",
        "dependencies": {
          "Serilog": "4.0.0"
        }
      },
      "Sprache": {
        "type": "Transitive",
        "resolved": "2.3.1",
        "contentHash": "Q+mXeiTxiUYG3lKYF6TS82/SyB4F2613Q1yXTMwg4jWGHEEVC3yrzHtNcI4B3qnDI0+eJsezGJ0V+cToUytHWw=="
      },
      "Swashbuckle.AspNetCore.SwaggerUI": {
        "type": "Transitive",
        "resolved": "9.0.1",
        "contentHash": "UuU+RvZbJZmnciVzi8G0jb3c6xeA4O8pQGrxl30eCK3pRNvurzZgS6shEei27q9wgvp0/UrTUNUM/a1kSlTfzw=="
      },
      "System.ClientModel": {
        "type": "Transitive",
        "resolved": "1.4.1",
        "contentHash": "MY7eFGKp+Hu7Ciub8wigQ0odGrkml4eTjUy8d5Bu2eGAVvm8Qskkq+YuXiiS5wMJGq7iSvqseV4skd5WxTUdDA==",
        "dependencies": {
          "Microsoft.Extensions.Logging.Abstractions": "8.0.3",
          "System.Memory.Data": "6.0.1"
        }
      },
      "System.CodeDom": {
        "type": "Transitive",
        "resolved": "6.0.0",
        "contentHash": "CPc6tWO1LAer3IzfZufDBRL+UZQcj5uS207NHALQzP84Vp/z6wF0Aa0YZImOQY8iStY0A2zI/e3ihKNPfUm8XA=="
      },
      "System.Configuration.ConfigurationManager": {
        "type": "Transitive",
        "resolved": "6.0.0",
        "contentHash": "7T+m0kDSlIPTHIkPMIu6m6tV6qsMqJpvQWW2jIc2qi7sn40qxFo0q+7mEQAhMPXZHMKnWrnv47ntGlM/ejvw3g==",
        "dependencies": {
          "System.Security.Cryptography.ProtectedData": "6.0.0",
          "System.Security.Permissions": "6.0.0"
        }
      },
      "System.Diagnostics.EventLog": {
        "type": "Transitive",
        "resolved": "10.0.0-preview.5.25277.114",
        "contentHash": "8F+FJBhZAi1Xl+2quQt2lv3KRkKkmdaGIJ4/dICWs5ARFBNFf3ISKL2d/5Xdgx+fDChzgM5uYY9EUY6jeSPrRQ=="
      },
      "System.Diagnostics.PerformanceCounter": {
        "type": "Transitive",
        "resolved": "6.0.0",
        "contentHash": "gbeE5tNp/oB7O8kTTLh3wPPJCxpNOphXPTWVs1BsYuFOYapFijWuh0LYw1qnDo4gwDUYPXOmpTIhvtxisGsYOQ==",
        "dependencies": {
          "System.Configuration.ConfigurationManager": "6.0.0"
        }
      },
      "System.Drawing.Common": {
        "type": "Transitive",
        "resolved": "6.0.0",
        "contentHash": "NfuoKUiP2nUWwKZN6twGqXioIe1zVD0RIj2t976A+czLHr2nY454RwwXs6JU9Htc6mwqL6Dn/nEL3dpVf2jOhg==",
        "dependencies": {
          "Microsoft.Win32.SystemEvents": "6.0.0"
        }
      },
      "System.IO.FileSystem.AccessControl": {
        "type": "Transitive",
        "resolved": "4.7.0",
        "contentHash": "vMToiarpU81LR1/KZtnT7VDPvqAZfw9oOS5nY6pPP78nGYz3COLsQH3OfzbR+SjTgltd31R6KmKklz/zDpTmzw=="
      },
      "System.Management": {
        "type": "Transitive",
        "resolved": "6.0.1",
        "contentHash": "10J1D0h/lioojphfJ4Fuh5ZUThT/xOVHdV9roGBittKKNP2PMjrvibEdbVTGZcPra1399Ja3tqIJLyQrc5Wmhg==",
        "dependencies": {
          "System.CodeDom": "6.0.0"
        }
      },
      "System.Memory.Data": {
        "type": "Transitive",
        "resolved": "6.0.1",
        "contentHash": "yliDgLh9S9Mcy5hBIdZmX6yphYIW3NH+3HN1kV1m7V1e0s7LNTw/tHNjJP4U9nSMEgl3w1TzYv/KA1Tg9NYy6w=="
      },
      "System.Security.Cryptography.ProtectedData": {
        "type": "Transitive",
        "resolved": "6.0.0",
        "contentHash": "rp1gMNEZpvx9vP0JW0oHLxlf8oSiQgtno77Y4PLUBjSiDYoD77Y8uXHr1Ea5XG4/pIKhqAdxZ8v8OTUtqo9PeQ=="
      },
      "System.Security.Permissions": {
        "type": "Transitive",
        "resolved": "6.0.0",
        "contentHash": "T/uuc7AklkDoxmcJ7LGkyX1CcSviZuLCa4jg3PekfJ7SU0niF0IVTXwUiNVP9DSpzou2PpxJ+eNY2IfDM90ZCg==",
        "dependencies": {
          "System.Windows.Extensions": "6.0.0"
        }
      },
      "System.Windows.Extensions": {
        "type": "Transitive",
        "resolved": "6.0.0",
        "contentHash": "IXoJOXIqc39AIe+CIR7koBtRGMiCt/LPM3lI+PELtDIy9XdyeSrwXFdWV9dzJ2Awl0paLWUaknLxFQ5HpHZUog==",
        "dependencies": {
          "System.Drawing.Common": "6.0.0"
        }
      },
      "xunit.analyzers": {
        "type": "Transitive",
        "resolved": "1.22.0",
        "contentHash": "MXTmnlJLQPSJfgxibeFgpUP5sj+3649BWkf3WgeUhAVUrI3nXzWE+BGH4OPfWkG2Q5x0SzIKgegikNhnfMgaXQ=="
      },
      "xunit.v3.assert": {
        "type": "Transitive",
        "resolved": "2.0.3",
        "contentHash": "6uTT9zLyg7YtP8fAZqOFcCpeGXtsh6K1+QVHHJl/aoQObr2qHvhGMuZbm5UYf4z49ytpQt6NzP6Iq4uWEBBh4g=="
      },
      "xunit.v3.common": {
        "type": "Transitive",
        "resolved": "2.0.3",
        "contentHash": "u3kTB9Fqo6X8keccsW4Zkn87nQNxMNZGm1rjJjCC0yThKP77N8H52Fx6CaochjGeGzEc2w9CUDu7C2ygu61bYg==",
        "dependencies": {
          "Microsoft.Bcl.AsyncInterfaces": "6.0.0"
        }
      },
      "xunit.v3.core": {
        "type": "Transitive",
        "resolved": "2.0.3",
        "contentHash": "KN2xOHNVGXI6AsPKatV9urqVs2YIGQ+2klY6HLys/oQauBVoS2W2+BRZz1rnwoJ+5aK+2+gfe1rLKi8iInT9Ow==",
        "dependencies": {
          "Microsoft.Testing.Platform.MSBuild": "1.6.3",
          "xunit.v3.extensibility.core": "[2.0.3]",
          "xunit.v3.runner.inproc.console": "[2.0.3]"
        }
      },
      "xunit.v3.extensibility.core": {
        "type": "Transitive",
        "resolved": "2.0.3",
        "contentHash": "1uxfWR72veq0b5/3ghEA2zRAkdqmnA9ahCxWr1VEb2q6MBNKx6aHsAL85PyY172f1dsvUMqh7BSelaHsR5Df5w==",
        "dependencies": {
          "xunit.v3.common": "[2.0.3]"
        }
      },
      "xunit.v3.runner.common": {
        "type": "Transitive",
        "resolved": "2.0.3",
        "contentHash": "Q+43ogqiJlWOG3l6Me7iNTm68CvVdX16OsHDoQcKCUEvWXHyiSRGBkcmMAT3OVENH0wS69QHi0q4mb3VsAbclA==",
        "dependencies": {
          "xunit.v3.common": "[2.0.3]"
        }
      },
      "xunit.v3.runner.inproc.console": {
        "type": "Transitive",
        "resolved": "2.0.3",
        "contentHash": "S65IrpHbt9nHotyfs6MnjNsc8bZUMBLHHJcyky4ywDNKx+k07sjwaGb+otLQA4Z6FPCGIPrL7u0ThQm76FxBZw==",
        "dependencies": {
          "Microsoft.Testing.Extensions.TrxReport.Abstractions": "1.6.3",
          "Microsoft.Testing.Platform": "1.6.3",
          "xunit.v3.extensibility.core": "[2.0.3]",
          "xunit.v3.runner.common": "[2.0.3]"
        }
      },
      "api": {
        "type": "Project",
        "dependencies": {
          "APIWeaver.OpenApi": "[2.7.0, )",
          "Asp.Versioning.Mvc.ApiExplorer": "[8.1.0, )",
          "Azure.Extensions.AspNetCore.Configuration.Secrets": "[1.4.0, )",
          "Azure.Identity": "[1.14.0, )",
          "DotNetEnv": "[3.1.1, )",
          "Microsoft.ApplicationInsights.AspNetCore": "[2.23.0, )",
          "Microsoft.AspNetCore.OpenApi": "[10.0.0-preview.5.25277.114, )",
          "Microsoft.Extensions.Logging.ApplicationInsights": "[2.23.0, )",
          "Scalar.AspNetCore": "[2.4.16, )",
          "Serilog": "[4.3.0, )",
          "Serilog.Extensions.Hosting": "[9.0.0, )",
          "Serilog.Settings.Configuration": "[9.0.0, )",
          "Serilog.Sinks.ApplicationInsights": "[4.0.0, )",
          "Serilog.Sinks.Console": "[6.0.0, )",
          "Services": "[1.0.0, )",
          "Swashbuckle.AspNetCore.SwaggerUI": "[9.0.1, )"
        }
      },
      "services": {
        "type": "Project",
        "dependencies": {
          "Microsoft.AspNetCore.WebUtilities": "[10.0.0-preview.5.25277.114, )",
          "Microsoft.Extensions.Http": "[10.0.0-preview.5.25277.114, )",
          "Microsoft.Extensions.Logging": "[10.0.0-preview.5.25277.114, )"
        }
      }
    }
  }
}