{
  "version": 2,
  "dependencies": {
    "net10.0": {
      "Microsoft.AspNetCore.Mvc.Testing": {
        "type": "Direct",
        "requested": "[10.0.0-preview.4.25258.110, )",
        "resolved": "10.0.0-preview.4.25258.110",
        "contentHash": "2ymvfdq51H8RrUZXi9Qngapm0nTrAPeZpjkPhZuSra2nvUwTzqN46ZrmGgFMF0VMulK9xVlqyz+oVO+iiIWJIw==",
        "dependencies": {
          "Microsoft.AspNetCore.TestHost": "10.0.0-preview.4.25258.110",
          "Microsoft.Extensions.DependencyModel": "10.0.0-preview.4.25258.110",
          "Microsoft.Extensions.Hosting": "10.0.0-preview.4.25258.110"
        }
      },
      "Microsoft.NET.Test.Sdk": {
        "type": "Direct",
        "requested": "[17.13.0, )",
        "resolved": "17.13.0",
        "contentHash": "W19wCPizaIC9Zh47w8wWI/yxuqR7/dtABwOrc8r2jX/8mUNxM2vw4fXDh+DJTeogxV+KzKwg5jNNGQVwf3LXyA==",
        "dependencies": {
          "Microsoft.CodeCoverage": "17.13.0",
          "Microsoft.TestPlatform.TestHost": "17.13.0"
        }
      },
      "Microsoft.Testing.Extensions.CodeCoverage": {
        "type": "Direct",
        "requested": "[17.14.2, )",
        "resolved": "17.14.2",
        "contentHash": "lCz1/FMGM8yf4UZh+yJL6ETvH78e7/NblWbK2/Lb6z02iiOtExea3hBQKX+vrq6vBo2o6ZCiYceOGq0t07PLkQ==",
        "dependencies": {
          "Microsoft.DiaSymReader": "2.0.0",
          "Microsoft.Extensions.DependencyModel": "6.0.2",
          "Microsoft.Testing.Platform": "1.6.2"
        }
      },
      "Shouldly": {
        "type": "Direct",
        "requested": "[4.3.0, )",
        "resolved": "4.3.0",
        "contentHash": "sDetrWXrl6YXZ4HeLsdBoNk3uIa7K+V4uvIJ+cqdRa5DrFxeTED7VkjoxCuU1kJWpUuBDZz2QXFzSxBtVXLwRQ==",
        "dependencies": {
          "DiffEngine": "11.3.0",
          "EmptyFiles": "4.4.0"
        }
      },
      "SonarAnalyzer.CSharp": {
        "type": "Direct",
        "requested": "[10.9.0.115408, )",
        "resolved": "10.9.0.115408",
        "contentHash": "cLvuPNhLWTnHtbTQzZh64xao0ZNsXKc8oZ0Q4agAmMjnqG7Q54mL8jw55rYnVytv+cXRw9ItRoUsggnvRsKJIA=="
      },
      "xunit.runner.visualstudio": {
        "type": "Direct",
        "requested": "[3.1.0, )",
        "resolved": "3.1.0",
        "contentHash": "K9O9TOzugqOo4LJ87uuq1VG8RAqGp20Ng85Wx932oT5LNBkIgeeGYubVW5UMnOOTanFNbGavmbuYrJr4INzSwg=="
      },
      "xunit.v3": {
        "type": "Direct",
        "requested": "[2.0.2, )",
        "resolved": "2.0.2",
        "contentHash": "gCI3M0/6L5RUiZMC/XYzYf9nhWkefekO2PfCrTsy7Cw+Iua005sFIvLzVywUoGlzQLP3Bb1c+5Jdd83ZB0xpIg==",
        "dependencies": {
          "xunit.analyzers": "1.21.0",
          "xunit.v3.assert": "[2.0.2]",
          "xunit.v3.core": "[2.0.2]"
        }
      },
      "APIWeaver.OpenApi": {
        "type": "Transitive",
        "resolved": "2.7.0",
        "contentHash": "XrHa+EXyUyQ1y01/XdyEFBQbaQCJH2gpycUcKWIIkQq17T0k0mJ6DYhsOgV1nNlSuq2+LvbeM3o7H+Xr846W3g==",
        "dependencies": {
          "Microsoft.AspNetCore.OpenApi": "9.0.0"
        }
      },
      "Asp.Versioning.Abstractions": {
        "type": "Transitive",
        "resolved": "8.1.0",
        "contentHash": "mpeNZyMdvrHztJwR1sXIUQ+3iioEU97YMBnFA9WLbsPOYhGwDJnqJMmEd8ny7kcmS9OjTHoEuX/bSXXY3brIFA==",
        "dependencies": {
          "Microsoft.Extensions.Primitives": "8.0.0"
        }
      },
      "Asp.Versioning.Http": {
        "type": "Transitive",
        "resolved": "8.1.0",
        "contentHash": "Xu4xF62Cu9JqYi/CTa2TiK5kyHoa4EluPynj/bPFWDmlTIPzuJQbBI5RgFYVRFHjFVvWMoA77acRaFu7i7Wzqg==",
        "dependencies": {
          "Asp.Versioning.Abstractions": "8.1.0"
        }
      },
      "Asp.Versioning.Mvc": {
        "type": "Transitive",
        "resolved": "8.1.0",
        "contentHash": "BMAJM2sGsTUw5FQ9upKQt6GFoldWksePgGpYjl56WSRvIuE3UxKZh0gAL+wDTIfLshUZm97VCVxlOGyrcjWz9Q==",
        "dependencies": {
          "Asp.Versioning.Http": "8.1.0"
        }
      },
      "Asp.Versioning.Mvc.ApiExplorer": {
        "type": "Transitive",
        "resolved": "8.1.0",
        "contentHash": "a90gW/4TF/14Bjiwg9LqNtdKGC4G3gu02+uynq3bCISfQm48km5chny4Yg5J4hixQPJUwwJJ9Do1G+jM8L9h3g==",
        "dependencies": {
          "Asp.Versioning.Mvc": "8.1.0"
        }
      },
      "Azure.Core": {
        "type": "Transitive",
        "resolved": "1.46.1",
        "contentHash": "iE5DPOlGsN5kCkF4gN+vasN1RihO0Ypie92oQ5tohQYiokmnrrhLnee+3zcE8n7vB6ZAzhPTfUGAEXX/qHGkYA==",
        "dependencies": {
          "Microsoft.Bcl.AsyncInterfaces": "8.0.0",
          "System.ClientModel": "1.4.1",
          "System.Memory.Data": "6.0.1"
        }
      },
      "Azure.Extensions.AspNetCore.Configuration.Secrets": {
        "type": "Transitive",
        "resolved": "1.4.0",
        "contentHash": "cy8kazCYnG/IUHQ9048UUmObgbPsqkQbcdrCAPxl1JA6ylLBV+v+8586bOWpuSF6GZaxpulLGFDBBm3PR5t1gA==",
        "dependencies": {
          "Azure.Core": "1.44.1",
          "Azure.Security.KeyVault.Secrets": "4.6.0",
          "Microsoft.Extensions.Configuration": "2.1.0"
        }
      },
      "Azure.Identity": {
        "type": "Transitive",
        "resolved": "1.14.0",
        "contentHash": "xQ6mpNhifb8W/KG2BclhbJWAupvE3JF8lPEBF8t59Q5sc1yN0Ci+dvS0qXtc6m9auxwYpmc8rhOmK541dcGwmA==",
        "dependencies": {
          "Azure.Core": "1.46.1",
          "Microsoft.Identity.Client": "4.71.1",
          "Microsoft.Identity.Client.Extensions.Msal": "4.71.1"
        }
      },
      "Azure.Security.KeyVault.Secrets": {
        "type": "Transitive",
        "resolved": "4.6.0",
        "contentHash": "vwPceoznuT6glvirZcXlaCQrh1uzTSxpZUi2hRFNumHiS3hVyqIXI5fgWiLtlBzwqPJMTr0flUoSvGKjXXQlfg==",
        "dependencies": {
          "Azure.Core": "1.37.0"
        }
      },
      "DiffEngine": {
        "type": "Transitive",
        "resolved": "11.3.0",
        "contentHash": "k0ZgZqd09jLZQjR8FyQbSQE86Q7QZnjEzq1LPHtj1R2AoWO8sjV5x+jlSisL7NZAbUOI4y+7Bog8gkr9WIRBGw==",
        "dependencies": {
          "EmptyFiles": "4.4.0",
          "System.Management": "6.0.1"
        }
      },
      "DotNetEnv": {
        "type": "Transitive",
        "resolved": "3.1.1",
        "contentHash": "o4SqUVCq0pqHF/HYsZk6k22XGIVmvsDVo+Dy7l0ubq9uQ45JkXswrMRJmYvhGLXWFYF0M5OupMonytB+0zvpGQ==",
        "dependencies": {
          "Microsoft.Extensions.Configuration": "1.1.2",
          "Microsoft.Extensions.Configuration.Abstractions": "1.1.2",
          "NETStandard.Library": "1.6.1",
          "Sprache": "2.3.1"
        }
      },
      "EmptyFiles": {
        "type": "Transitive",
        "resolved": "4.4.0",
        "contentHash": "gwJEfIGS7FhykvtZoscwXj/XwW+mJY6UbAZk+qtLKFUGWC95kfKXnj8VkxsZQnWBxJemM/q664rGLN5nf+OHZw=="
      },
      "Microsoft.ApplicationInsights": {
        "type": "Transitive",
        "resolved": "2.23.0",
        "contentHash": "nWArUZTdU7iqZLycLKWe0TDms48KKGE6pONH2terYNa8REXiqixrMOkf1sk5DHGMaUTqONU2YkS4SAXBhLStgw=="
      },
      "Microsoft.ApplicationInsights.AspNetCore": {
        "type": "Transitive",
        "resolved": "2.23.0",
        "contentHash": "we/RsIn0Mwf/4ZNGXZixJ0lVD3pqjx2yVeKfqJybgYY/Lib8nnf+8YGJp+ULN3kOk39I0pI/7ZnF9LFy6hS3lw==",
        "dependencies": {
          "Microsoft.ApplicationInsights": "2.23.0",
          "Microsoft.ApplicationInsights.DependencyCollector": "2.23.0",
          "Microsoft.ApplicationInsights.EventCounterCollector": "2.23.0",
          "Microsoft.ApplicationInsights.PerfCounterCollector": "2.23.0",
          "Microsoft.ApplicationInsights.WindowsServer": "2.23.0",
          "Microsoft.ApplicationInsights.WindowsServer.TelemetryChannel": "2.23.0",
          "Microsoft.AspNetCore.Hosting": "2.1.1",
          "Microsoft.AspNetCore.Http": "2.1.22",
          "Microsoft.Extensions.Configuration.Json": "3.1.0",
          "Microsoft.Extensions.Logging.ApplicationInsights": "2.23.0"
        }
      },
      "Microsoft.ApplicationInsights.DependencyCollector": {
        "type": "Transitive",
        "resolved": "2.23.0",
        "contentHash": "9YRdl9SNbTxd4AafJckyoJLr5gJdnvqFivjo+PY0lQTPEncPB+z3ZABG4iDfxN9HI1aLqyRINr1/7de9Wg8ZuQ==",
        "dependencies": {
          "Microsoft.ApplicationInsights": "2.23.0"
        }
      },
      "Microsoft.ApplicationInsights.EventCounterCollector": {
        "type": "Transitive",
        "resolved": "2.23.0",
        "contentHash": "gGt0JPw2dcSeIAIefyORJBdeMz8KgAFIktu8HV/NwkiGmLyw+YtifLm6B5gvGxO15AeMsGPbmvWEIvLfq88XPw==",
        "dependencies": {
          "Microsoft.ApplicationInsights": "2.23.0"
        }
      },
      "Microsoft.ApplicationInsights.PerfCounterCollector": {
        "type": "Transitive",
        "resolved": "2.23.0",
        "contentHash": "q9ApjZfBS9O8m3aQM2oVjsGBmlE8BCFywT7UR+8aqdNuz7HpoIxw4jHy0XOBergiFX/olrJF4OyPkGxc3H5JHg==",
        "dependencies": {
          "Microsoft.ApplicationInsights": "2.23.0",
          "Microsoft.Extensions.Caching.Memory": "1.0.0",
          "System.Diagnostics.PerformanceCounter": "6.0.0"
        }
      },
      "Microsoft.ApplicationInsights.WindowsServer": {
        "type": "Transitive",
        "resolved": "2.23.0",
        "contentHash": "2B8CGfnB/tribkQAqRBhMvJYJK5TkEPMG/BB0QrlxdwVGEufayNLMveXjkQCqld9arXd6wKR1ve2XmkA0+xXKQ==",
        "dependencies": {
          "Microsoft.ApplicationInsights": "2.23.0",
          "Microsoft.ApplicationInsights.DependencyCollector": "2.23.0",
          "Microsoft.ApplicationInsights.PerfCounterCollector": "2.23.0",
          "Microsoft.ApplicationInsights.WindowsServer.TelemetryChannel": "2.23.0"
        }
      },
      "Microsoft.ApplicationInsights.WindowsServer.TelemetryChannel": {
        "type": "Transitive",
        "resolved": "2.23.0",
        "contentHash": "798Dudr4tkujslk1w+XcXOcCErmVsk+nhp+QCHLa3lcgi25vkAxBmzPUeQlRJVCNL/1f4x/YF+vQZ8RSuTXWCw==",
        "dependencies": {
          "Microsoft.ApplicationInsights": "2.23.0",
          "System.IO.FileSystem.AccessControl": "4.7.0"
        }
      },
      "Microsoft.AspNetCore.Hosting": {
        "type": "Transitive",
        "resolved": "2.1.1",
        "contentHash": "MqYc0DUxrhAPnb5b4HFspxsoJT+gJlLsliSxIgovf4BsbmpaXQId0/pDiVzLuEbmks2w1/lRfY8w0lQOuK1jQQ==",
        "dependencies": {
          "Microsoft.AspNetCore.Hosting.Abstractions": "2.1.1",
          "Microsoft.AspNetCore.Http": "2.1.1",
          "Microsoft.AspNetCore.Http.Extensions": "2.1.1",
          "Microsoft.Extensions.Configuration": "2.1.1",
          "Microsoft.Extensions.Configuration.EnvironmentVariables": "2.1.1",
          "Microsoft.Extensions.Configuration.FileExtensions": "2.1.1",
          "Microsoft.Extensions.DependencyInjection": "2.1.1",
          "Microsoft.Extensions.FileProviders.Physical": "2.1.1",
          "Microsoft.Extensions.Hosting.Abstractions": "2.1.1",
          "Microsoft.Extensions.Logging": "2.1.1",
          "Microsoft.Extensions.Options": "2.1.1"
        }
      },
      "Microsoft.AspNetCore.Hosting.Abstractions": {
        "type": "Transitive",
        "resolved": "2.1.1",
        "contentHash": "76cKcp2pWhvdV2TXTqMg/DyW7N6cDzTEhtL8vVWFShQN+Ylwv3eO/vUQr2BS3Hz4IZHEpL+FOo2T+MtymHDqDQ==",
        "dependencies": {
          "Microsoft.AspNetCore.Hosting.Server.Abstractions": "2.1.1",
          "Microsoft.AspNetCore.Http.Abstractions": "2.1.1",
          "Microsoft.Extensions.Hosting.Abstractions": "2.1.1"
        }
      },
      "Microsoft.AspNetCore.Hosting.Server.Abstractions": {
        "type": "Transitive",
        "resolved": "2.1.1",
        "contentHash": "+vD7HJYzAXNq17t+NgRkpS38cxuAyOBu8ixruOiA3nWsybozolUdALWiZ5QFtGRzajSLPFA2YsbO3NPcqoUwcw==",
        "dependencies": {
          "Microsoft.AspNetCore.Http.Features": "2.1.1",
          "Microsoft.Extensions.Configuration.Abstractions": "2.1.1"
        }
      },
      "Microsoft.AspNetCore.Http": {
        "type": "Transitive",
        "resolved": "2.1.22",
        "contentHash": "+Blk++1JWqghbl8+3azQmKhiNZA5wAepL9dY2I6KVmu2Ri07MAcvAVC888qUvO7yd7xgRgZOMfihezKg14O/2A==",
        "dependencies": {
          "Microsoft.AspNetCore.Http.Abstractions": "2.1.1",
          "Microsoft.AspNetCore.WebUtilities": "2.1.1",
          "Microsoft.Extensions.ObjectPool": "2.1.1",
          "Microsoft.Extensions.Options": "2.1.1",
          "Microsoft.Net.Http.Headers": "2.1.1"
        }
      },
      "Microsoft.AspNetCore.Http.Abstractions": {
        "type": "Transitive",
        "resolved": "2.1.1",
        "contentHash": "kQUEVOU4loc8CPSb2WoHFTESqwIa8Ik7ysCBfTwzHAd0moWovc9JQLmhDIHlYLjHbyexqZAlkq/FPRUZqokebw==",
        "dependencies": {
          "Microsoft.AspNetCore.Http.Features": "2.1.1"
        }
      },
      "Microsoft.AspNetCore.Http.Extensions": {
        "type": "Transitive",
        "resolved": "2.1.1",
        "contentHash": "ncAgV+cqsWSqjLXFUTyObGh4Tr7ShYYs3uW8Q/YpRwZn7eLV7dux5Z6GLY+rsdzmIHiia3Q2NWbLULQi7aziHw==",
        "dependencies": {
          "Microsoft.AspNetCore.Http.Abstractions": "2.1.1",
          "Microsoft.Extensions.FileProviders.Abstractions": "2.1.1",
          "Microsoft.Net.Http.Headers": "2.1.1"
        }
      },
      "Microsoft.AspNetCore.Http.Features": {
        "type": "Transitive",
        "resolved": "2.1.1",
        "contentHash": "VklZ7hWgSvHBcDtwYYkdMdI/adlf7ebxTZ9kdzAhX+gUs5jSHE9mZlTamdgf9miSsxc1QjNazHXTDJdVPZKKTw==",
        "dependencies": {
          "Microsoft.Extensions.Primitives": "2.1.1"
        }
      },
      "Microsoft.AspNetCore.OpenApi": {
        "type": "Transitive",
        "resolved": "10.0.0-preview.4.25258.110",
        "contentHash": "c280RbgoGrRwYozFvE/E4I0nag7MMyfsSv92wx+ZeZ1P7J6D0eMzZD889EADCVFWttZvf8oKiY84eZBj79K0VA==",
        "dependencies": {
          "Microsoft.OpenApi": "2.0.0-preview.17"
        }
      },
      "Microsoft.AspNetCore.TestHost": {
        "type": "Transitive",
        "resolved": "10.0.0-preview.4.25258.110",
        "contentHash": "7lrPAofrFE3Wb5Y+7lApjY7l2yPvFSwQHW2OKMgrtoJ92iFSpNwGU3ranLJUCw4SkyA91yRIpEfuCbRmu8S2Bg=="
      },
      "Microsoft.AspNetCore.WebUtilities": {
        "type": "Transitive",
        "resolved": "10.0.0-preview.4.25258.110",
        "contentHash": "7LdtSTyp+pACtFWs4Ajrz0IhXHA2VFrzgAsp7uJDKdIV7SKgQEThPXVchydUajSuWnKctvCEdNYhfBQ15Nd/vw==",
        "dependencies": {
          "Microsoft.Net.Http.Headers": "10.0.0-preview.4.25258.110"
        }
      },
      "Microsoft.Bcl.AsyncInterfaces": {
        "type": "Transitive",
        "resolved": "8.0.0",
        "contentHash": "3WA9q9yVqJp222P3x1wYIGDAkpjAku0TMUaaQV22g6L67AI0LdOIrVS7Ht2vJfLHGSPVuqN94vIr15qn+HEkHw=="
      },
      "Microsoft.CodeCoverage": {
        "type": "Transitive",
        "resolved": "17.13.0",
        "contentHash": "9LIUy0y+DvUmEPtbRDw6Bay3rzwqFV8P4efTrK4CZhQle3M/QwLPjISghfcolmEGAPWxuJi6m98ZEfk4VR4Lfg=="
      },
      "Microsoft.DiaSymReader": {
        "type": "Transitive",
        "resolved": "2.0.0",
        "contentHash": "QcZrCETsBJqy/vQpFtJc+jSXQ0K5sucQ6NUFbTNVHD4vfZZOwjZ/3sBzczkC4DityhD3AVO/+K/+9ioLs1AgRA=="
      },
      "Microsoft.Extensions.Caching.Abstractions": {
        "type": "Transitive",
        "resolved": "1.0.0",
        "contentHash": "IxlFDVOchL6tdR05bk7EiJvMtvZrVkZXBhkbXqc3GxOHOrHFGcN+92WoWFPeBpdpy8ot/Px5ZdXzt7k+2n1Bdg==",
        "dependencies": {
          "Microsoft.Extensions.Primitives": "1.0.0"
        }
      },
      "Microsoft.Extensions.Caching.Memory": {
        "type": "Transitive",
        "resolved": "1.0.0",
        "contentHash": "6+7zTufCnZ+tfrUo7RbIRR3LB0BxwOwxfXuo0IbLyIvgoToGpWuz5wYEDfCYNOvpig9tY8FA0I1uRHYmITMXMQ==",
        "dependencies": {
          "Microsoft.Extensions.Caching.Abstractions": "1.0.0",
          "Microsoft.Extensions.DependencyInjection.Abstractions": "1.0.0",
          "Microsoft.Extensions.Options": "1.0.0"
        }
      },
      "Microsoft.Extensions.Configuration": {
        "type": "Transitive",
        "resolved": "10.0.0-preview.4.25258.110",
        "contentHash": "l7/T9aX3JrTSx/LR8wjxU+6h13gzBIF4tGg64D+Oo+41YgHuS8Cm8+QModHs/m402hAgz9qk4XiT0Ff6b8UAaA==",
        "dependencies": {
          "Microsoft.Extensions.Configuration.Abstractions": "10.0.0-preview.4.25258.110",
          "Microsoft.Extensions.Primitives": "10.0.0-preview.4.25258.110"
        }
      },
      "Microsoft.Extensions.Configuration.Abstractions": {
        "type": "Transitive",
        "resolved": "10.0.0-preview.4.25258.110",
        "contentHash": "MG9m9h5Ea/XUZn735it7DmOxZNk1xtljdZLYUIiGnduVI+xa3f7Xb3Dhzx+X1nlD8F6hyEFOUHnYWXB0Y6O4lw==",
        "dependencies": {
          "Microsoft.Extensions.Primitives": "10.0.0-preview.4.25258.110"
        }
      },
      "Microsoft.Extensions.Configuration.Binder": {
        "type": "Transitive",
        "resolved": "10.0.0-preview.4.25258.110",
        "contentHash": "PicqcEwMqwJ4EhwDgOX4mracnv/5hu6H4NRabs/LPPlrqZ21w1S3OgrtTc51v7QZsFgyPcL44I+gudZW83A6pQ==",
        "dependencies": {
          "Microsoft.Extensions.Configuration.Abstractions": "10.0.0-preview.4.25258.110"
        }
      },
      "Microsoft.Extensions.Configuration.CommandLine": {
        "type": "Transitive",
        "resolved": "10.0.0-preview.4.25258.110",
        "contentHash": "Jcf3Amp+cOZ2rGi3jgjvntOcbdBGbYKvcESKuxO7172Cr2m3A7WBN6u6KFDuxkPE6jsMgfvop0BDFKr68xVBIQ==",
        "dependencies": {
          "Microsoft.Extensions.Configuration": "10.0.0-preview.4.25258.110",
          "Microsoft.Extensions.Configuration.Abstractions": "10.0.0-preview.4.25258.110"
        }
      },
      "Microsoft.Extensions.Configuration.EnvironmentVariables": {
        "type": "Transitive",
        "resolved": "10.0.0-preview.4.25258.110",
        "contentHash": "uoKIh+haBeFH9ovTvSZpOIkEnSM4Cdca5PrUnOX89zM9VcRbRELE9H7J4hLzxFr9HwTLCA5JV0GfaBwm5fHjBw==",
        "dependencies": {
          "Microsoft.Extensions.Configuration": "10.0.0-preview.4.25258.110",
          "Microsoft.Extensions.Configuration.Abstractions": "10.0.0-preview.4.25258.110"
        }
      },
      "Microsoft.Extensions.Configuration.FileExtensions": {
        "type": "Transitive",
        "resolved": "10.0.0-preview.4.25258.110",
        "contentHash": "ux7QHPgX2Bsd+cE9fQvDSYQ6WxYpkJexwJz1tDeUeOib29/H7HemgYofDHu+ZL3HbXlPbVRCD4syzhl8TQpUkQ==",
        "dependencies": {
          "Microsoft.Extensions.Configuration": "10.0.0-preview.4.25258.110",
          "Microsoft.Extensions.Configuration.Abstractions": "10.0.0-preview.4.25258.110",
          "Microsoft.Extensions.FileProviders.Abstractions": "10.0.0-preview.4.25258.110",
          "Microsoft.Extensions.FileProviders.Physical": "10.0.0-preview.4.25258.110",
          "Microsoft.Extensions.Primitives": "10.0.0-preview.4.25258.110"
        }
      },
      "Microsoft.Extensions.Configuration.Json": {
        "type": "Transitive",
        "resolved": "10.0.0-preview.4.25258.110",
        "contentHash": "WeAl49iGalcQQnkHJEkYjdje/4fhr3D29aeLMNH4AFVD6T6TZ2KGRHmazZ21JyE+DThgtCoUvwfpODiNjkY3GA==",
        "dependencies": {
          "Microsoft.Extensions.Configuration": "10.0.0-preview.4.25258.110",
          "Microsoft.Extensions.Configuration.Abstractions": "10.0.0-preview.4.25258.110",
          "Microsoft.Extensions.Configuration.FileExtensions": "10.0.0-preview.4.25258.110",
          "Microsoft.Extensions.FileProviders.Abstractions": "10.0.0-preview.4.25258.110"
        }
      },
      "Microsoft.Extensions.Configuration.UserSecrets": {
        "type": "Transitive",
        "resolved": "10.0.0-preview.4.25258.110",
        "contentHash": "G0ZlqepNRMfHmPU8XNjWUiZ//Gyl8/Z9ruEBf6h6Gvsc2a1TB+HsGjEuzSOrhZYKE8QdKM2F3Dxy5koBgurMFQ==",
        "dependencies": {
          "Microsoft.Extensions.Configuration.Abstractions": "10.0.0-preview.4.25258.110",
          "Microsoft.Extensions.Configuration.Json": "10.0.0-preview.4.25258.110",
          "Microsoft.Extensions.FileProviders.Abstractions": "10.0.0-preview.4.25258.110",
          "Microsoft.Extensions.FileProviders.Physical": "10.0.0-preview.4.25258.110"
        }
      },
      "Microsoft.Extensions.DependencyInjection": {
        "type": "Transitive",
        "resolved": "10.0.0-preview.4.25258.110",
        "contentHash": "A8aIJ9EnpN0qxcsbhBUJr62XlM4n30ppwn2opvdcpxQrnD7JENazVkp087GkYx5egbCixlS8eI+P1o75m3McSQ==",
        "dependencies": {
          "Microsoft.Extensions.DependencyInjection.Abstractions": "10.0.0-preview.4.25258.110"
        }
      },
      "Microsoft.Extensions.DependencyInjection.Abstractions": {
        "type": "Transitive",
        "resolved": "10.0.0-preview.4.25258.110",
        "contentHash": "SYIIGR549cPnt87N7JtQlCDYr3fPSnFOB8i7BrIU9NDW4MSukSdG74ddl5BpCIwOEk1hhxtlcclIN65StppbMQ=="
      },
      "Microsoft.Extensions.DependencyModel": {
        "type": "Transitive",
        "resolved": "10.0.0-preview.4.25258.110",
        "contentHash": "zLCtRpYHm0Ly6nIdKObNQq7dp4XmJ/ePH5HutFhmr/ELGjIa9fr6wBNuI8aNe58wi0tWjDvZ0arQlOw5FvbMfw=="
      },
      "Microsoft.Extensions.Diagnostics": {
        "type": "Transitive",
        "resolved": "10.0.0-preview.4.25258.110",
        "contentHash": "BTzSyrE3jvUkUZ7HUyHfEzpw3ZuieWXq6m58jZAqLANFcfjUa+AAZrs5ncsLnA1u6shyAMzyZrl4QqsHpSrmxA==",
        "dependencies": {
          "Microsoft.Extensions.Configuration": "10.0.0-preview.4.25258.110",
          "Microsoft.Extensions.Diagnostics.Abstractions": "10.0.0-preview.4.25258.110",
          "Microsoft.Extensions.Options.ConfigurationExtensions": "10.0.0-preview.4.25258.110"
        }
      },
      "Microsoft.Extensions.Diagnostics.Abstractions": {
        "type": "Transitive",
        "resolved": "10.0.0-preview.4.25258.110",
        "contentHash": "r3piZW1nOo+nBBcZcMhhHxWOeRi1s2G0KRT/tlj1hX355B1bAtvhMNaOGKn3fhNjwVsqiNRHsKK74BX5aiw7BA==",
        "dependencies": {
          "Microsoft.Extensions.DependencyInjection.Abstractions": "10.0.0-preview.4.25258.110",
          "Microsoft.Extensions.Options": "10.0.0-preview.4.25258.110"
        }
      },
      "Microsoft.Extensions.FileProviders.Abstractions": {
        "type": "Transitive",
        "resolved": "10.0.0-preview.4.25258.110",
        "contentHash": "vgCa7L9eVnullIbE6nezDmr7MahOIUefvKN1G5ORIjX9dcnZLlw9PeriqHQkS1xHCaeqDKob/XkFx86G0Gr2HQ==",
        "dependencies": {
          "Microsoft.Extensions.Primitives": "10.0.0-preview.4.25258.110"
        }
      },
      "Microsoft.Extensions.FileProviders.Physical": {
        "type": "Transitive",
        "resolved": "10.0.0-preview.4.25258.110",
        "contentHash": "SoEhizumgc3mn+h6Cz2ODiVuGS8/fAIMW2rbTiBg7AUwzmSy6zd5zN47IvOpgvR1f9mcbHTceRgxgAOv9/LewQ==",
        "dependencies": {
          "Microsoft.Extensions.FileProviders.Abstractions": "10.0.0-preview.4.25258.110",
          "Microsoft.Extensions.FileSystemGlobbing": "10.0.0-preview.4.25258.110",
          "Microsoft.Extensions.Primitives": "10.0.0-preview.4.25258.110"
        }
      },
      "Microsoft.Extensions.FileSystemGlobbing": {
        "type": "Transitive",
        "resolved": "10.0.0-preview.4.25258.110",
        "contentHash": "XVvw2x5YRgvjfdjhIEEdcv/St6UFIXjGA9+IZexjdUCK/YF/ETJAu+5uwo8bfr9MupjL3FCESaSzNn/HUlAF+Q=="
      },
      "Microsoft.Extensions.Hosting": {
        "type": "Transitive",
        "resolved": "10.0.0-preview.4.25258.110",
        "contentHash": "PSUPVJy80f0sO2ZMusB8+PLf9xF0p4wE5XTWzdaK4XIzFDcHPohg+BvzqOQpGF20DoSzHFOXeAVvkHR++/1HUw==",
        "dependencies": {
          "Microsoft.Extensions.Configuration": "10.0.0-preview.4.25258.110",
          "Microsoft.Extensions.Configuration.Abstractions": "10.0.0-preview.4.25258.110",
          "Microsoft.Extensions.Configuration.Binder": "10.0.0-preview.4.25258.110",
          "Microsoft.Extensions.Configuration.CommandLine": "10.0.0-preview.4.25258.110",
          "Microsoft.Extensions.Configuration.EnvironmentVariables": "10.0.0-preview.4.25258.110",
          "Microsoft.Extensions.Configuration.FileExtensions": "10.0.0-preview.4.25258.110",
          "Microsoft.Extensions.Configuration.Json": "10.0.0-preview.4.25258.110",
          "Microsoft.Extensions.Configuration.UserSecrets": "10.0.0-preview.4.25258.110",
          "Microsoft.Extensions.DependencyInjection": "10.0.0-preview.4.25258.110",
          "Microsoft.Extensions.DependencyInjection.Abstractions": "10.0.0-preview.4.25258.110",
          "Microsoft.Extensions.Diagnostics": "10.0.0-preview.4.25258.110",
          "Microsoft.Extensions.FileProviders.Abstractions": "10.0.0-preview.4.25258.110",
          "Microsoft.Extensions.FileProviders.Physical": "10.0.0-preview.4.25258.110",
          "Microsoft.Extensions.Hosting.Abstractions": "10.0.0-preview.4.25258.110",
          "Microsoft.Extensions.Logging": "10.0.0-preview.4.25258.110",
          "Microsoft.Extensions.Logging.Abstractions": "10.0.0-preview.4.25258.110",
          "Microsoft.Extensions.Logging.Configuration": "10.0.0-preview.4.25258.110",
          "Microsoft.Extensions.Logging.Console": "10.0.0-preview.4.25258.110",
          "Microsoft.Extensions.Logging.Debug": "10.0.0-preview.4.25258.110",
          "Microsoft.Extensions.Logging.EventLog": "10.0.0-preview.4.25258.110",
          "Microsoft.Extensions.Logging.EventSource": "10.0.0-preview.4.25258.110",
          "Microsoft.Extensions.Options": "10.0.0-preview.4.25258.110"
        }
      },
      "Microsoft.Extensions.Hosting.Abstractions": {
        "type": "Transitive",
        "resolved": "10.0.0-preview.4.25258.110",
        "contentHash": "TkNFfe6wFeT0pUBU5rOhBmruPFXvJ8jMDnrNJcErDgldJIoIeevkPGgpKktd6xUAVa9R38MmLfLk5uTpo1WWDQ==",
        "dependencies": {
          "Microsoft.Extensions.Configuration.Abstractions": "10.0.0-preview.4.25258.110",
          "Microsoft.Extensions.DependencyInjection.Abstractions": "10.0.0-preview.4.25258.110",
          "Microsoft.Extensions.Diagnostics.Abstractions": "10.0.0-preview.4.25258.110",
          "Microsoft.Extensions.FileProviders.Abstractions": "10.0.0-preview.4.25258.110",
          "Microsoft.Extensions.Logging.Abstractions": "10.0.0-preview.4.25258.110"
        }
      },
      "Microsoft.Extensions.Http": {
        "type": "Transitive",
        "resolved": "10.0.0-preview.4.25258.110",
        "contentHash": "cZuv/RroDpJPjXHi1jnGVADifjrRIarWGuO+JrEkA8MII4p0h24F1/Xu4/1tYhkkl7ToaJGYuUKdIwFiE4vqew==",
        "dependencies": {
          "Microsoft.Extensions.Configuration.Abstractions": "10.0.0-preview.4.25258.110",
          "Microsoft.Extensions.DependencyInjection.Abstractions": "10.0.0-preview.4.25258.110",
          "Microsoft.Extensions.Diagnostics": "10.0.0-preview.4.25258.110",
          "Microsoft.Extensions.Logging": "10.0.0-preview.4.25258.110",
          "Microsoft.Extensions.Logging.Abstractions": "10.0.0-preview.4.25258.110",
          "Microsoft.Extensions.Options": "10.0.0-preview.4.25258.110"
        }
      },
      "Microsoft.Extensions.Logging": {
        "type": "Transitive",
        "resolved": "10.0.0-preview.4.25258.110",
        "contentHash": "9uz/Xe3hLtDNcNRnr7hcHhWUGbWH8n/cIL36HFZfeJcUCfrJn08fWugGixyjoyTnUKUyHqti71+y4EBe/LUPaw==",
        "dependencies": {
          "Microsoft.Extensions.DependencyInjection": "10.0.0-preview.4.25258.110",
          "Microsoft.Extensions.Logging.Abstractions": "10.0.0-preview.4.25258.110",
          "Microsoft.Extensions.Options": "10.0.0-preview.4.25258.110"
        }
      },
      "Microsoft.Extensions.Logging.Abstractions": {
        "type": "Transitive",
        "resolved": "10.0.0-preview.4.25258.110",
        "contentHash": "TbXuoqn12xrQpZ3zYIQx3QRnDxkBIzV0SqnzbwKK7RdhW4cjzL1cGEozIwgu/4ZFzGQdpWArEVqguolNvWsn4Q==",
        "dependencies": {
          "Microsoft.Extensions.DependencyInjection.Abstractions": "10.0.0-preview.4.25258.110"
        }
      },
      "Microsoft.Extensions.Logging.ApplicationInsights": {
        "type": "Transitive",
        "resolved": "2.23.0",
        "contentHash": "JLEabPz445i1yRB0hKZVzJJE35QatRIzWlrMOiBQXr9kBJod0jkpkrBf94ln6kXu+jlEGohnXtuXacPPhybJDw==",
        "dependencies": {
          "Microsoft.ApplicationInsights": "2.23.0",
          "Microsoft.Extensions.Logging": "2.1.1"
        }
      },
      "Microsoft.Extensions.Logging.Configuration": {
        "type": "Transitive",
        "resolved": "10.0.0-preview.4.25258.110",
        "contentHash": "6Zfz/EYl4phMFvLzUSnv8cfA2SVMOI612xwjxFb/4kFyY1tgFr+v6MuhT21Ftr502JRUpLv5vaPnDM1RAXslKA==",
        "dependencies": {
          "Microsoft.Extensions.Configuration": "10.0.0-preview.4.25258.110",
          "Microsoft.Extensions.Configuration.Abstractions": "10.0.0-preview.4.25258.110",
          "Microsoft.Extensions.Configuration.Binder": "10.0.0-preview.4.25258.110",
          "Microsoft.Extensions.DependencyInjection.Abstractions": "10.0.0-preview.4.25258.110",
          "Microsoft.Extensions.Logging": "10.0.0-preview.4.25258.110",
          "Microsoft.Extensions.Logging.Abstractions": "10.0.0-preview.4.25258.110",
          "Microsoft.Extensions.Options": "10.0.0-preview.4.25258.110",
          "Microsoft.Extensions.Options.ConfigurationExtensions": "10.0.0-preview.4.25258.110"
        }
      },
      "Microsoft.Extensions.Logging.Console": {
        "type": "Transitive",
        "resolved": "10.0.0-preview.4.25258.110",
        "contentHash": "ohpHUENDaYeNcjYxIz7zPp6NMeYHG39QVJTP9FcRo/2I2JSSfadbMaHaVO1frSQzTsEUQPUZUg+q9yXiES5KEA==",
        "dependencies": {
          "Microsoft.Extensions.DependencyInjection.Abstractions": "10.0.0-preview.4.25258.110",
          "Microsoft.Extensions.Logging": "10.0.0-preview.4.25258.110",
          "Microsoft.Extensions.Logging.Abstractions": "10.0.0-preview.4.25258.110",
          "Microsoft.Extensions.Logging.Configuration": "10.0.0-preview.4.25258.110",
          "Microsoft.Extensions.Options": "10.0.0-preview.4.25258.110"
        }
      },
      "Microsoft.Extensions.Logging.Debug": {
        "type": "Transitive",
        "resolved": "10.0.0-preview.4.25258.110",
        "contentHash": "/Sl/NtRCjdy5v5XIj+UV/MW1yFbi4QVQymNnyRE8w6TAtT7v8RPcf5JkKrDa/TPT14Sm0Uvpf0rozrA+9vI2kA==",
        "dependencies": {
          "Microsoft.Extensions.DependencyInjection.Abstractions": "10.0.0-preview.4.25258.110",
          "Microsoft.Extensions.Logging": "10.0.0-preview.4.25258.110",
          "Microsoft.Extensions.Logging.Abstractions": "10.0.0-preview.4.25258.110"
        }
      },
      "Microsoft.Extensions.Logging.EventLog": {
        "type": "Transitive",
        "resolved": "10.0.0-preview.4.25258.110",
        "contentHash": "XA1VoOTWmr7PwAAFCoIkXS+xSxHNvgxWZrAfdxUGXNisni0D1RJYjETEntO9exATOBTcdCW/SIdwn6GMwoO2gQ==",
        "dependencies": {
          "Microsoft.Extensions.DependencyInjection.Abstractions": "10.0.0-preview.4.25258.110",
          "Microsoft.Extensions.Logging": "10.0.0-preview.4.25258.110",
          "Microsoft.Extensions.Logging.Abstractions": "10.0.0-preview.4.25258.110",
          "Microsoft.Extensions.Options": "10.0.0-preview.4.25258.110",
          "System.Diagnostics.EventLog": "10.0.0-preview.4.25258.110"
        }
      },
      "Microsoft.Extensions.Logging.EventSource": {
        "type": "Transitive",
        "resolved": "10.0.0-preview.4.25258.110",
        "contentHash": "rm0/UreE0goYTuwTcPoKgAWVjND4Xz8/mBWb8sdrH1vg0YjfrHZ13l8VXH9AJUNaibVmpzH7hNFxhViRM6dRpg==",
        "dependencies": {
          "Microsoft.Extensions.DependencyInjection.Abstractions": "10.0.0-preview.4.25258.110",
          "Microsoft.Extensions.Logging": "10.0.0-preview.4.25258.110",
          "Microsoft.Extensions.Logging.Abstractions": "10.0.0-preview.4.25258.110",
          "Microsoft.Extensions.Options": "10.0.0-preview.4.25258.110",
          "Microsoft.Extensions.Primitives": "10.0.0-preview.4.25258.110"
        }
      },
      "Microsoft.Extensions.ObjectPool": {
        "type": "Transitive",
        "resolved": "2.1.1",
        "contentHash": "SErON45qh4ogDp6lr6UvVmFYW0FERihW+IQ+2JyFv1PUyWktcJytFaWH5zarufJvZwhci7Rf1IyGXr9pVEadTw=="
      },
      "Microsoft.Extensions.Options": {
        "type": "Transitive",
        "resolved": "10.0.0-preview.4.25258.110",
        "contentHash": "uXMTwQljNFUnkIRVMo1F+ilaNQTl0uofwSuzWDBwj6dnE4zAZGiWVLqgrpL57vsZ4+MO7tWM9HwXP7LyjXqU6Q==",
        "dependencies": {
          "Microsoft.Extensions.DependencyInjection.Abstractions": "10.0.0-preview.4.25258.110",
          "Microsoft.Extensions.Primitives": "10.0.0-preview.4.25258.110"
        }
      },
      "Microsoft.Extensions.Options.ConfigurationExtensions": {
        "type": "Transitive",
        "resolved": "10.0.0-preview.4.25258.110",
        "contentHash": "RweH4vI1c07zGdQ60hmnH8mK3B6Ea9FSvo9oXEeeFeoYGRjpNx+JYmPdlGaH3kEJTHK9pNQv5tlnGzMk3mTXZQ==",
        "dependencies": {
          "Microsoft.Extensions.Configuration.Abstractions": "10.0.0-preview.4.25258.110",
          "Microsoft.Extensions.Configuration.Binder": "10.0.0-preview.4.25258.110",
          "Microsoft.Extensions.DependencyInjection.Abstractions": "10.0.0-preview.4.25258.110",
          "Microsoft.Extensions.Options": "10.0.0-preview.4.25258.110",
          "Microsoft.Extensions.Primitives": "10.0.0-preview.4.25258.110"
        }
      },
      "Microsoft.Extensions.Primitives": {
        "type": "Transitive",
        "resolved": "10.0.0-preview.4.25258.110",
        "contentHash": "kG3cJqv8N7BtFSFVupnBFSymfLk2eSnDgpttAEw7bxndWliKDhAem8xrh0EvAvk2BVH5ivNIdWzv8w/tkNVwcQ=="
      },
      "Microsoft.Identity.Client": {
        "type": "Transitive",
        "resolved": "4.71.1",
        "contentHash": "SgvSBcMRvmEEyV10pcvxNVUbwYoShmj/9pxXFVr3AFjE26IUzuwYLtLgt58xkEnT0xJBjfObaXxcol3BMtmEAg==",
        "dependencies": {
          "Microsoft.IdentityModel.Abstractions": "6.35.0"
        }
      },
      "Microsoft.Identity.Client.Extensions.Msal": {
        "type": "Transitive",
        "resolved": "4.71.1",
        "contentHash": "PGOHaoQhKBKnXy1kfW+Gu9/rxStKsqR+UZKeVv4XAsATdzmfj9y9kkUOftIjVFvxP3oh2Sk7v65ylS0K/qYADA==",
        "dependencies": {
          "Microsoft.Identity.Client": "4.71.1",
          "System.Security.Cryptography.ProtectedData": "4.5.0"
        }
      },
      "Microsoft.IdentityModel.Abstractions": {
        "type": "Transitive",
        "resolved": "6.35.0",
        "contentHash": "xuR8E4Rd96M41CnUSCiOJ2DBh+z+zQSmyrYHdYhD6K4fXBcQGVnRCFQ0efROUYpP+p0zC1BLKr0JRpVuujTZSg=="
      },
      "Microsoft.Net.Http.Headers": {
        "type": "Transitive",
        "resolved": "10.0.0-preview.4.25258.110",
        "contentHash": "PwTamCh9sXmn0CLbYQ8PE/N0QCCvz+KF6tmDOjUSWxlwP4JYIFEOqbH1x7vmmvWzFakYklFPippu7HIn8LopRQ==",
        "dependencies": {
          "Microsoft.Extensions.Primitives": "10.0.0-preview.4.25258.110"
        }
      },
      "Microsoft.NETCore.Platforms": {
        "type": "Transitive",
        "resolved": "1.1.0",
        "contentHash": "kz0PEW2lhqygehI/d6XsPCQzD7ff7gUJaVGPVETX611eadGsA3A877GdSlU0LRVMCTH/+P3o2iDTak+S08V2+A=="
      },
      "Microsoft.OpenApi": {
        "type": "Transitive",
        "resolved": "2.0.0-preview.17",
        "contentHash": "jeTjhKn8yZjrROb0OibINAp4pTfZ0qRsnXdsq2RkHlczHScDEc8oG3BfTKfTtfpcpi0wO8F/GNCYbN59rOjVzg=="
      },
      "Microsoft.Testing.Extensions.TrxReport.Abstractions": {
        "type": "Transitive",
        "resolved": "1.6.3",
        "contentHash": "0MdowM+3IDVWE5VBzVe9NvxsE4caSbM3fO+jlWVzEBr/Vnc3BWx+uV/Ex0dLLpkxkeUKH2gGWTNLb39rw3DDqw==",
        "dependencies": {
          "Microsoft.Testing.Platform": "1.6.3"
        }
      },
      "Microsoft.Testing.Platform": {
        "type": "Transitive",
        "resolved": "1.6.3",
        "contentHash": "DqMZukaPo+vKzColfqd1I5qZebfISZT6ND70AOem/dYQmHsaMN0xg/JG7E0e80rwfxL7wAA4ylSg8j6KJf1Tuw=="
      },
      "Microsoft.Testing.Platform.MSBuild": {
        "type": "Transitive",
        "resolved": "1.6.3",
        "contentHash": "PXSYI5Iae29GM5636zOL8PlQD1YyOa9cfzfYLR43hrLjjK7RDJgMTvgAet3oZLgDTvz6pbzABZvhx+S/W5m8YA==",
        "dependencies": {
          "Microsoft.Testing.Platform": "1.6.3"
        }
      },
      "Microsoft.TestPlatform.ObjectModel": {
        "type": "Transitive",
        "resolved": "17.13.0",
        "contentHash": "bt0E0Dx+iqW97o4A59RCmUmz/5NarJ7LRL+jXbSHod72ibL5XdNm1Ke+UO5tFhBG4VwHLcSjqq9BUSblGNWamw=="
      },
      "Microsoft.TestPlatform.TestHost": {
        "type": "Transitive",
        "resolved": "17.13.0",
        "contentHash": "9GGw08Dc3AXspjekdyTdZ/wYWFlxbgcF0s7BKxzVX+hzAwpifDOdxM+ceVaaJSQOwqt3jtuNlHn3XTpKUS9x9Q==",
        "dependencies": {
          "Microsoft.TestPlatform.ObjectModel": "17.13.0",
          "Newtonsoft.Json": "13.0.1"
        }
      },
      "Microsoft.Win32.SystemEvents": {
        "type": "Transitive",
        "resolved": "6.0.0",
        "contentHash": "hqTM5628jSsQiv+HGpiq3WKBl2c8v1KZfby2J6Pr7pEPlK9waPdgEO6b8A/+/xn/yZ9ulv8HuqK71ONy2tg67A=="
      },
      "NETStandard.Library": {
        "type": "Transitive",
        "resolved": "1.6.1",
        "contentHash": "WcSp3+vP+yHNgS8EV5J7pZ9IRpeDuARBPN28by8zqff1wJQXm26PVU8L3/fYLBJVU7BtDyqNVWq2KlCVvSSR4A==",
        "dependencies": {
          "Microsoft.NETCore.Platforms": "1.1.0"
        }
      },
      "Newtonsoft.Json": {
        "type": "Transitive",
        "resolved": "13.0.1",
        "contentHash": "ppPFpBcvxdsfUonNcvITKqLl3bqxWbDCZIzDWHzjpdAHRFfZe0Dw9HmA0+za13IdyrgJwpkDTDA9fHaxOrt20A=="
      },
      "Scalar.AspNetCore": {
        "type": "Transitive",
        "resolved": "2.3.1",
        "contentHash": "x1j9LafJP7kdQnPh31RubohQvE3DTln/+YOVnoPu2LJ9cV9nWiSDyTAyKXUAHvITbYOd8aWSj4WbgcjrJcEsrA=="
      },
      "Serilog": {
        "type": "Transitive",
        "resolved": "4.2.0",
        "contentHash": "gmoWVOvKgbME8TYR+gwMf7osROiWAURterc6Rt2dQyX7wtjZYpqFiA/pY6ztjGQKKV62GGCyOcmtP1UKMHgSmA=="
      },
      "Serilog.Extensions.Hosting": {
        "type": "Transitive",
        "resolved": "9.0.0",
        "contentHash": "u2TRxuxbjvTAldQn7uaAwePkWxTHIqlgjelekBtilAGL5sYyF3+65NWctN4UrwwGLsDC7c3Vz3HnOlu+PcoxXg==",
        "dependencies": {
          "Microsoft.Extensions.DependencyInjection.Abstractions": "9.0.0",
          "Microsoft.Extensions.Hosting.Abstractions": "9.0.0",
          "Microsoft.Extensions.Logging.Abstractions": "9.0.0",
          "Serilog": "4.2.0",
          "Serilog.Extensions.Logging": "9.0.0"
        }
      },
      "Serilog.Extensions.Logging": {
        "type": "Transitive",
        "resolved": "9.0.0",
        "contentHash": "NwSSYqPJeKNzl5AuXVHpGbr6PkZJFlNa14CdIebVjK3k/76kYj/mz5kiTRNVSsSaxM8kAIa1kpy/qyT9E4npRQ==",
        "dependencies": {
          "Microsoft.Extensions.Logging": "9.0.0",
          "Serilog": "4.2.0"
        }
      },
      "Serilog.Settings.Configuration": {
        "type": "Transitive",
        "resolved": "9.0.0",
        "contentHash": "4/Et4Cqwa+F88l5SeFeNZ4c4Z6dEAIKbu3MaQb2Zz9F/g27T5a3wvfMcmCOaAiACjfUb4A6wrlTVfyYUZk3RRQ==",
        "dependencies": {
          "Microsoft.Extensions.Configuration.Binder": "9.0.0",
          "Microsoft.Extensions.DependencyModel": "9.0.0",
          "Serilog": "4.2.0"
        }
      },
      "Serilog.Sinks.ApplicationInsights": {
        "type": "Transitive",
        "resolved": "4.0.0",
        "contentHash": "AlYq1JFqh+RFKwLKZ3X224Zbe1gnkMbqSELp2FApLN0iMyRPdwwxMJBCCrk49C8qOefBd4zN+J/1Tq3i75DunA==",
        "dependencies": {
          "Microsoft.ApplicationInsights": "2.20.0",
          "Serilog": "2.11.0"
        }
      },
      "Serilog.Sinks.Console": {
        "type": "Transitive",
        "resolved": "6.0.0",
        "contentHash": "fQGWqVMClCP2yEyTXPIinSr5c+CBGUvBybPxjAGcf7ctDhadFhrQw03Mv8rJ07/wR5PDfFjewf2LimvXCDzpbA==",
        "dependencies": {
          "Serilog": "4.0.0"
        }
      },
      "Sprache": {
        "type": "Transitive",
        "resolved": "2.3.1",
        "contentHash": "Q+mXeiTxiUYG3lKYF6TS82/SyB4F2613Q1yXTMwg4jWGHEEVC3yrzHtNcI4B3qnDI0+eJsezGJ0V+cToUytHWw=="
      },
      "Swashbuckle.AspNetCore.SwaggerUI": {
        "type": "Transitive",
        "resolved": "8.1.1",
        "contentHash": "GDLX/MpK4oa2nYC1N/zN2UidQTtVKLPF6gkdEmGb0RITEwpJG9Gu8olKqPYnKqVeFn44JZoCS0M2LGRKXP8B/A=="
      },
      "System.ClientModel": {
        "type": "Transitive",
        "resolved": "1.4.1",
        "contentHash": "MY7eFGKp+Hu7Ciub8wigQ0odGrkml4eTjUy8d5Bu2eGAVvm8Qskkq+YuXiiS5wMJGq7iSvqseV4skd5WxTUdDA==",
        "dependencies": {
          "Microsoft.Extensions.Logging.Abstractions": "8.0.3",
          "System.Memory.Data": "6.0.1"
        }
      },
      "System.CodeDom": {
        "type": "Transitive",
        "resolved": "6.0.0",
        "contentHash": "CPc6tWO1LAer3IzfZufDBRL+UZQcj5uS207NHALQzP84Vp/z6wF0Aa0YZImOQY8iStY0A2zI/e3ihKNPfUm8XA=="
      },
      "System.Configuration.ConfigurationManager": {
        "type": "Transitive",
        "resolved": "6.0.0",
        "contentHash": "7T+m0kDSlIPTHIkPMIu6m6tV6qsMqJpvQWW2jIc2qi7sn40qxFo0q+7mEQAhMPXZHMKnWrnv47ntGlM/ejvw3g==",
        "dependencies": {
          "System.Security.Cryptography.ProtectedData": "6.0.0",
          "System.Security.Permissions": "6.0.0"
        }
      },
      "System.Diagnostics.EventLog": {
        "type": "Transitive",
        "resolved": "10.0.0-preview.4.25258.110",
        "contentHash": "Y+8UqXWgYFTJ2DCF+TRJyQsO01a88aoWDSFikLCTq4yEqhB0OcvTojQDzz8bh3UjIhmTMXqCe7KtcvuLCBI1HA=="
      },
      "System.Diagnostics.PerformanceCounter": {
        "type": "Transitive",
        "resolved": "6.0.0",
        "contentHash": "gbeE5tNp/oB7O8kTTLh3wPPJCxpNOphXPTWVs1BsYuFOYapFijWuh0LYw1qnDo4gwDUYPXOmpTIhvtxisGsYOQ==",
        "dependencies": {
          "System.Configuration.ConfigurationManager": "6.0.0"
        }
      },
      "System.Drawing.Common": {
        "type": "Transitive",
        "resolved": "6.0.0",
        "contentHash": "NfuoKUiP2nUWwKZN6twGqXioIe1zVD0RIj2t976A+czLHr2nY454RwwXs6JU9Htc6mwqL6Dn/nEL3dpVf2jOhg==",
        "dependencies": {
          "Microsoft.Win32.SystemEvents": "6.0.0"
        }
      },
      "System.IO.FileSystem.AccessControl": {
        "type": "Transitive",
        "resolved": "4.7.0",
        "contentHash": "vMToiarpU81LR1/KZtnT7VDPvqAZfw9oOS5nY6pPP78nGYz3COLsQH3OfzbR+SjTgltd31R6KmKklz/zDpTmzw=="
      },
      "System.Management": {
        "type": "Transitive",
        "resolved": "6.0.1",
        "contentHash": "10J1D0h/lioojphfJ4Fuh5ZUThT/xOVHdV9roGBittKKNP2PMjrvibEdbVTGZcPra1399Ja3tqIJLyQrc5Wmhg==",
        "dependencies": {
          "System.CodeDom": "6.0.0"
        }
      },
      "System.Memory.Data": {
        "type": "Transitive",
        "resolved": "6.0.1",
        "contentHash": "yliDgLh9S9Mcy5hBIdZmX6yphYIW3NH+3HN1kV1m7V1e0s7LNTw/tHNjJP4U9nSMEgl3w1TzYv/KA1Tg9NYy6w=="
      },
      "System.Security.Cryptography.ProtectedData": {
        "type": "Transitive",
        "resolved": "6.0.0",
        "contentHash": "rp1gMNEZpvx9vP0JW0oHLxlf8oSiQgtno77Y4PLUBjSiDYoD77Y8uXHr1Ea5XG4/pIKhqAdxZ8v8OTUtqo9PeQ=="
      },
      "System.Security.Permissions": {
        "type": "Transitive",
        "resolved": "6.0.0",
        "contentHash": "T/uuc7AklkDoxmcJ7LGkyX1CcSviZuLCa4jg3PekfJ7SU0niF0IVTXwUiNVP9DSpzou2PpxJ+eNY2IfDM90ZCg==",
        "dependencies": {
          "System.Windows.Extensions": "6.0.0"
        }
      },
      "System.Windows.Extensions": {
        "type": "Transitive",
        "resolved": "6.0.0",
        "contentHash": "IXoJOXIqc39AIe+CIR7koBtRGMiCt/LPM3lI+PELtDIy9XdyeSrwXFdWV9dzJ2Awl0paLWUaknLxFQ5HpHZUog==",
        "dependencies": {
          "System.Drawing.Common": "6.0.0"
        }
      },
      "xunit.analyzers": {
        "type": "Transitive",
        "resolved": "1.21.0",
        "contentHash": "2KvcXvsqZQnwQmdEJC4BGXCsllgMtfbhlnY7MlDu5ZsKLWDEnYT5PNqGLiQQnxQYqwkOyTPAbrCwUyI9ZfJ2fg=="
      },
      "xunit.v3.assert": {
        "type": "Transitive",
        "resolved": "2.0.2",
        "contentHash": "ucjN0o7k1YWDM/RPSV81UEb1ngNVnVTfSlVVGSjJ67YlvGSLarWWJJVNDEsaUdl7TUReJO8+Y2Bajv9NKsvRLA=="
      },
      "xunit.v3.common": {
        "type": "Transitive",
        "resolved": "2.0.2",
        "contentHash": "ZngN3yHk/U4Od+1KEjLDqX7ubxA4xuAUdBeZMasWgkR1fByyLjRevKxWzhp5mgl35n6eYz/Lcl7FV1PGV2d0Ew==",
        "dependencies": {
          "Microsoft.Bcl.AsyncInterfaces": "6.0.0"
        }
      },
      "xunit.v3.core": {
        "type": "Transitive",
        "resolved": "2.0.2",
        "contentHash": "A+DNC/W9xaEB0AHkGwq7fSLSS4pnfKkg+OtdwaYYoZv+jowFVya4Bv26MZOCgmqfwszvQEExgaBNA9kBYQRLRg==",
        "dependencies": {
          "Microsoft.Testing.Platform.MSBuild": "1.6.3",
          "xunit.v3.extensibility.core": "[2.0.2]",
          "xunit.v3.runner.inproc.console": "[2.0.2]"
        }
      },
      "xunit.v3.extensibility.core": {
        "type": "Transitive",
        "resolved": "2.0.2",
        "contentHash": "4YPSALWtAafrrMr3O+6w/KI0FubKdY2ShigzUWIEgmdXJkU73v9H192dCpvDkIWRPa7OxBrGZ6mjS+A6poexSQ==",
        "dependencies": {
          "xunit.v3.common": "[2.0.2]"
        }
      },
      "xunit.v3.runner.common": {
        "type": "Transitive",
        "resolved": "2.0.2",
        "contentHash": "W+5loZKHfw5aWDCwSa2s4/ExqRXcytpvr7+/cA488zsmVpvYInvmLxsBNrH8qQCPwK8Wb0mvc4xOmzYXsvEB9A==",
        "dependencies": {
          "xunit.v3.common": "[2.0.2]"
        }
      },
      "xunit.v3.runner.inproc.console": {
        "type": "Transitive",
        "resolved": "2.0.2",
        "contentHash": "2cVHXMv5bJQbuCDU6G+GzafMGvardavvXFnnIGP0QT5ArgMCi91w3owLaFkdGD+1O5CCw5+3gY/9280BPQmnGg==",
        "dependencies": {
          "Microsoft.Testing.Extensions.TrxReport.Abstractions": "1.6.3",
          "Microsoft.Testing.Platform": "1.6.3",
          "xunit.v3.extensibility.core": "[2.0.2]",
          "xunit.v3.runner.common": "[2.0.2]"
        }
      },
      "api": {
        "type": "Project",
        "dependencies": {
          "APIWeaver.OpenApi": "[2.7.0, )",
          "Asp.Versioning.Mvc.ApiExplorer": "[8.1.0, )",
          "Azure.Extensions.AspNetCore.Configuration.Secrets": "[1.4.0, )",
          "Azure.Identity": "[1.14.0, )",
          "DotNetEnv": "[3.1.1, )",
          "Microsoft.ApplicationInsights.AspNetCore": "[2.23.0, )",
          "Microsoft.AspNetCore.OpenApi": "[10.0.0-preview.4.25258.110, )",
          "Microsoft.Extensions.Logging.ApplicationInsights": "[2.23.0, )",
          "Scalar.AspNetCore": "[2.3.1, )",
          "Serilog": "[4.2.0, )",
          "Serilog.Extensions.Hosting": "[9.0.0, )",
          "Serilog.Settings.Configuration": "[9.0.0, )",
          "Serilog.Sinks.ApplicationInsights": "[4.0.0, )",
          "Serilog.Sinks.Console": "[6.0.0, )",
          "Services": "[1.0.0, )",
          "Swashbuckle.AspNetCore.SwaggerUI": "[8.1.1, )"
        }
      },
      "services": {
        "type": "Project",
        "dependencies": {
          "Microsoft.AspNetCore.WebUtilities": "[10.0.0-preview.4.25258.110, )",
          "Microsoft.Extensions.Http": "[10.0.0-preview.4.25258.110, )",
          "Microsoft.Extensions.Logging": "[10.0.0-preview.4.25258.110, )"
        }
      }
    }
  }
}